// !$*UTF8*$!
{
	archiveVersion = 1;
	classes = {
	};
	objectVersion = 77;
	objects = {

/* Begin PBXBuildFile section */
		E31D5CB72DF1F18700C3DFF0 /* NLF_Contact_ImageField-Cache.swift in Sources */ = {isa = PBXBuildFile; fileRef = E31D5CB62DF1F18700C3DFF0 /* NLF_Contact_ImageField-Cache.swift */; };
		E31D5CBD2DF26F6200C3DFF0 /* NLF_Contacts_FileView.swift in Sources */ = {isa = PBXBuildFile; fileRef = E31D5CBC2DF26F6200C3DFF0 /* NLF_Contacts_FileView.swift */; };
		E31D5CBF2DF2760100C3DFF0 /* BOF_Finder.swift in Sources */ = {isa = PBXBuildFile; fileRef = E31D5CBE2DF2760100C3DFF0 /* BOF_Finder.swift */; };
		E321D83A2DB9672A006CC081 /* Filing_View.swift in Sources */ = {isa = PBXBuildFile; fileRef = E321D8382DB9672A006CC081 /* Filing_View.swift */; };
		E321D83C2DB96741006CC081 /* Drive_Navigator.swift in Sources */ = {isa = PBXBuildFile; fileRef = E321D83B2DB96741006CC081 /* Drive_Navigator.swift */; };
		E321D83E2DB96758006CC081 /* Case_List.swift in Sources */ = {isa = PBXBuildFile; fileRef = E321D83D2DB96758006CC081 /* Case_List.swift */; };
		E321D84A2DBA74BA006CC081 /* Google_Drive_Permissions.swift in Sources */ = {isa = PBXBuildFile; fileRef = E321D8492DBA74BA006CC081 /* Google_Drive_Permissions.swift */; };
		E321D84C2DBBD033006CC081 /* Drive_Navigator_Inspector.swift in Sources */ = {isa = PBXBuildFile; fileRef = E321D84B2DBBD033006CC081 /* Drive_Navigator_Inspector.swift */; };
		E32730D32DE8F02800B6EDBD /* NLF_Form_Category.swift in Sources */ = {isa = PBXBuildFile; fileRef = E32730D22DE8F02800B6EDBD /* NLF_Form_Category.swift */; };
		E32730D52DE8F04400B6EDBD /* NLF_Form_DriveLabel.swift in Sources */ = {isa = PBXBuildFile; fileRef = E32730D42DE8F04400B6EDBD /* NLF_Form_DriveLabel.swift */; };
		E32730D72DE8F0BF00B6EDBD /* NLF_Form_Label.swift in Sources */ = {isa = PBXBuildFile; fileRef = E32730D62DE8F0BF00B6EDBD /* NLF_Form_Label.swift */; };
		E32730D92DE9220100B6EDBD /* VStack_Loader.swift in Sources */ = {isa = PBXBuildFile; fileRef = E32730D82DE9220100B6EDBD /* VStack_Loader.swift */; };
		E369CA302DA0464300FE91DB /* File_DriverApp.swift in Sources */ = {isa = PBXBuildFile; fileRef = E369CA2B2DA0464300FE91DB /* File_DriverApp.swift */; };
		E369CA372DA0467700FE91DB /* Fart.caf in Resources */ = {isa = PBXBuildFile; fileRef = E369CA362DA0467700FE91DB /* Fart.caf */; };
		E369CA3A2DA0478400FE91DB /* BOF_SecretSauce in Frameworks */ = {isa = PBXBuildFile; productRef = E369CA392DA0478400FE91DB /* BOF_SecretSauce */; };
		E369CA3D2DA047A000FE91DB /* GoogleSignIn in Frameworks */ = {isa = PBXBuildFile; productRef = E369CA3C2DA047A000FE91DB /* GoogleSignIn */; };
		E369CA3F2DA047A000FE91DB /* GoogleSignInSwift in Frameworks */ = {isa = PBXBuildFile; productRef = E369CA3E2DA047A000FE91DB /* GoogleSignInSwift */; };
		E369CA422DA047D800FE91DB /* GoogleAPIClientForREST_Drive in Frameworks */ = {isa = PBXBuildFile; productRef = E369CA412DA047D800FE91DB /* GoogleAPIClientForREST_Drive */; };
		E369CA442DA047D800FE91DB /* GoogleAPIClientForREST_Sheets in Frameworks */ = {isa = PBXBuildFile; productRef = E369CA432DA047D800FE91DB /* GoogleAPIClientForREST_Sheets */; };
		E369CA492DA048BE00FE91DB /* BOF_SwiftData.swift in Sources */ = {isa = PBXBuildFile; fileRef = E369CA482DA048BE00FE91DB /* BOF_SwiftData.swift */; };
		E369CA4C2DA048C400FE91DB /* Settings.swift in Sources */ = {isa = PBXBuildFile; fileRef = E369CA4A2DA048C400FE91DB /* Settings.swift */; };
		E369CA4D2DA048C400FE91DB /* Settings_View.swift in Sources */ = {isa = PBXBuildFile; fileRef = E369CA4B2DA048C400FE91DB /* Settings_View.swift */; };
		E369CA562DA048CE00FE91DB /* Sidebar_Settings.swift in Sources */ = {isa = PBXBuildFile; fileRef = E369CA552DA048CE00FE91DB /* Sidebar_Settings.swift */; };
		E369CA572DA048CE00FE91DB /* Sidebar_ItemNew.swift in Sources */ = {isa = PBXBuildFile; fileRef = E369CA4F2DA048CE00FE91DB /* Sidebar_ItemNew.swift */; };
		E369CA582DA048CE00FE91DB /* Sidebar_Row.swift in Sources */ = {isa = PBXBuildFile; fileRef = E369CA542DA048CE00FE91DB /* Sidebar_Row.swift */; };
		E369CA592DA048CE00FE91DB /* Sidebar_Item.swift in Sources */ = {isa = PBXBuildFile; fileRef = E369CA512DA048CE00FE91DB /* Sidebar_Item.swift */; };
		E369CA5A2DA048CE00FE91DB /* Sidebar_ItemEdit.swift in Sources */ = {isa = PBXBuildFile; fileRef = E369CA4E2DA048CE00FE91DB /* Sidebar_ItemEdit.swift */; };
		E369CA5B2DA048CE00FE91DB /* Sidebar.swift in Sources */ = {isa = PBXBuildFile; fileRef = E369CA532DA048CE00FE91DB /* Sidebar.swift */; };
		E369CA5D2DA048DB00FE91DB /* ContentView.swift in Sources */ = {isa = PBXBuildFile; fileRef = E369CA5C2DA048DB00FE91DB /* ContentView.swift */; };
		E369CA7B2DA04A6900FE91DB /* Assets.xcassets in Resources */ = {isa = PBXBuildFile; fileRef = E369CA7A2DA04A6900FE91DB /* Assets.xcassets */; };
		E376F6062DDE1874007CBBD7 /* Settings_Contacts.swift in Sources */ = {isa = PBXBuildFile; fileRef = E376F6052DDE1874007CBBD7 /* Settings_Contacts.swift */; };
		E37E51AE2DEEB21B00EF860C /* Inbox_Filing_DownloadItemView.swift in Sources */ = {isa = PBXBuildFile; fileRef = E37E51AD2DEEB21B00EF860C /* Inbox_Filing_DownloadItemView.swift */; };
		E37E51B12DEEC30200EF860C /* Filing_WebView.swift in Sources */ = {isa = PBXBuildFile; fileRef = E37E51B02DEEC30200EF860C /* Filing_WebView.swift */; };
		E37E51B32DEF3E3900EF860C /* Case_Filing_Selector.swift in Sources */ = {isa = PBXBuildFile; fileRef = E37E51B22DEF3E3900EF860C /* Case_Filing_Selector.swift */; };
		E37E51B52DEF4A9600EF860C /* Case_Filing_DetailView.swift in Sources */ = {isa = PBXBuildFile; fileRef = E37E51B42DEF4A9600EF860C /* Case_Filing_DetailView.swift */; };
		E37E51BF2DEF575300EF860C /* Cases_Table.swift in Sources */ = {isa = PBXBuildFile; fileRef = E37E51BE2DEF575300EF860C /* Cases_Table.swift */; };
		E37E51C12DEF7AD700EF860C /* Contacts_List.swift in Sources */ = {isa = PBXBuildFile; fileRef = E37E51C02DEF7AD700EF860C /* Contacts_List.swift */; };
		E37E51C42DEF7CCB00EF860C /* NLF_Contact.swift in Sources */ = {isa = PBXBuildFile; fileRef = E37E51C32DEF7CCB00EF860C /* NLF_Contact.swift */; };
		E37E51C62DEF7CE100EF860C /* NLF_Contact_Label.swift in Sources */ = {isa = PBXBuildFile; fileRef = E37E51C52DEF7CE100EF860C /* NLF_Contact_Label.swift */; };
		E37E51C82DEF7CFD00EF860C /* NLF_Contact_Drive_Label.swift in Sources */ = {isa = PBXBuildFile; fileRef = E37E51C72DEF7CF700EF860C /* NLF_Contact_Drive_Label.swift */; };
		E37E51CA2DEF7D9100EF860C /* NLF_ContactsController.swift in Sources */ = {isa = PBXBuildFile; fileRef = E37E51C92DEF7D9100EF860C /* NLF_ContactsController.swift */; };
		E37E51CF2DEF7ECE00EF860C /* NLF_Contact_New.swift in Sources */ = {isa = PBXBuildFile; fileRef = E37E51CE2DEF7ECE00EF860C /* NLF_Contact_New.swift */; };
		E37E51D12DEF97EC00EF860C /* Filter.swift in Sources */ = {isa = PBXBuildFile; fileRef = E37E51D02DEF97EC00EF860C /* Filter.swift */; };
		E37E51D32DEFA95800EF860C /* NLF_Contact_LabelView.swift in Sources */ = {isa = PBXBuildFile; fileRef = E37E51D22DEFA95800EF860C /* NLF_Contact_LabelView.swift */; };
		E37E51D62DEFAE1500EF860C /* NLF_Contact_NameField.swift in Sources */ = {isa = PBXBuildFile; fileRef = E37E51D52DEFAE1500EF860C /* NLF_Contact_NameField.swift */; };
		E37E51D82DEFB25F00EF860C /* Drive_SetDefaultID.swift in Sources */ = {isa = PBXBuildFile; fileRef = E37E51D72DEFB25F00EF860C /* Drive_SetDefaultID.swift */; };
		E37E51DA2DEFC6BB00EF860C /* Drive_FileSelect.swift in Sources */ = {isa = PBXBuildFile; fileRef = E37E51D92DEFC6BB00EF860C /* Drive_FileSelect.swift */; };
		E37E51DE2DEFD19300EF860C /* Drive_Selector.swift in Sources */ = {isa = PBXBuildFile; fileRef = E37E51DD2DEFD19300EF860C /* Drive_Selector.swift */; };
		E37E51E22DF06E5500EF860C /* NLF_Contact_ImageField.swift in Sources */ = {isa = PBXBuildFile; fileRef = E37E51E12DF06E5500EF860C /* NLF_Contact_ImageField.swift */; };
		E380F8102DA04E5500540A3B /* Google_Error.swift in Sources */ = {isa = PBXBuildFile; fileRef = E380F80B2DA04E5500540A3B /* Google_Error.swift */; };
		E380F8112DA04E5500540A3B /* GTLRDrive_File_Ext.swift in Sources */ = {isa = PBXBuildFile; fileRef = E380F7F92DA04E5500540A3B /* GTLRDrive_File_Ext.swift */; };
		E380F8122DA04E5500540A3B /* Google_Drive_Preview.swift in Sources */ = {isa = PBXBuildFile; fileRef = E380F7F72DA04E5500540A3B /* Google_Drive_Preview.swift */; };
		E380F8132DA04E5500540A3B /* Google_SignInView.swift in Sources */ = {isa = PBXBuildFile; fileRef = E380F8092DA04E5500540A3B /* Google_SignInView.swift */; };
		E380F8142DA04E5500540A3B /* Google_Label.swift in Sources */ = {isa = PBXBuildFile; fileRef = E380F8062DA04E5500540A3B /* Google_Label.swift */; };
		E380F8152DA04E5500540A3B /* Google_Scopes.swift in Sources */ = {isa = PBXBuildFile; fileRef = E380F80D2DA04E5500540A3B /* Google_Scopes.swift */; };
		E380F81B2DA04E5500540A3B /* Google.swift in Sources */ = {isa = PBXBuildFile; fileRef = E380F7F52DA04E5500540A3B /* Google.swift */; };
		E380F81C2DA04E5500540A3B /* Google_Labels.swift in Sources */ = {isa = PBXBuildFile; fileRef = E380F8052DA04E5500540A3B /* Google_Labels.swift */; };
		E380F81D2DA04E5500540A3B /* Google_Drive.swift in Sources */ = {isa = PBXBuildFile; fileRef = E380F7F62DA04E5500540A3B /* Google_Drive.swift */; };
		E380F81E2DA04E5500540A3B /* GTLRDrive_Drive_Ext.swift in Sources */ = {isa = PBXBuildFile; fileRef = E380F7FA2DA04E5500540A3B /* GTLRDrive_Drive_Ext.swift */; };
		E380F81F2DA04E5500540A3B /* Google_Fetcher.swift in Sources */ = {isa = PBXBuildFile; fileRef = E380F80C2DA04E5500540A3B /* Google_Fetcher.swift */; };
		E380F8212DA04E5500540A3B /* Google_SignIn.swift in Sources */ = {isa = PBXBuildFile; fileRef = E380F8082DA04E5500540A3B /* Google_SignIn.swift */; };
		E380F8242DA04E8900540A3B /* GoogleAPIClientForREST_DriveLabels in Frameworks */ = {isa = PBXBuildFile; productRef = E380F8232DA04E8900540A3B /* GoogleAPIClientForREST_DriveLabels */; };
		E380F8262DA0534A00540A3B /* BOF_NavModel.swift in Sources */ = {isa = PBXBuildFile; fileRef = E380F8252DA0534A00540A3B /* BOF_NavModel.swift */; };
		E380F8292DA05AC900540A3B /* Inbox_View_OLD.swift in Sources */ = {isa = PBXBuildFile; fileRef = E380F8282DA05AC900540A3B /* Inbox_View_OLD.swift */; };
		E380F82B2DA05B2500540A3B /* Settings_Inbox.swift in Sources */ = {isa = PBXBuildFile; fileRef = E380F82A2DA05B2500540A3B /* Settings_Inbox.swift */; };
		E38A42202DF09A1C0059028D /* NLF_Contact_Info.swift in Sources */ = {isa = PBXBuildFile; fileRef = E38A421F2DF09A1C0059028D /* NLF_Contact_Info.swift */; };
		E38A42312DF0F5190059028D /* NLF_Contact_SheetRow_Add.swift in Sources */ = {isa = PBXBuildFile; fileRef = E38A42302DF0F5190059028D /* NLF_Contact_SheetRow_Add.swift */; };
		E38A42342DF103C30059028D /* NLF_Contact_SheetRow_Category.swift in Sources */ = {isa = PBXBuildFile; fileRef = E38A42332DF103C30059028D /* NLF_Contact_SheetRow_Category.swift */; };
		E38A42362DF103E50059028D /* NLF_Contact_SheetRow_Label.swift in Sources */ = {isa = PBXBuildFile; fileRef = E38A42352DF103E50059028D /* NLF_Contact_SheetRow_Label.swift */; };
		E38A42382DF105370059028D /* NLF_Contact_SheetRow_Value.swift in Sources */ = {isa = PBXBuildFile; fileRef = E38A42372DF105370059028D /* NLF_Contact_SheetRow_Value.swift */; };
		E38A423C2DF113A10059028D /* NLF_Contact_SheetRow_Delete.swift in Sources */ = {isa = PBXBuildFile; fileRef = E38A423B2DF113A10059028D /* NLF_Contact_SheetRow_Delete.swift */; };
		E38A423E2DF1220D0059028D /* NLF_Contact_SheetRow_Update.swift in Sources */ = {isa = PBXBuildFile; fileRef = E38A423D2DF1220A0059028D /* NLF_Contact_SheetRow_Update.swift */; };
		E38A42402DF130ED0059028D /* NLF_Contact_View.swift in Sources */ = {isa = PBXBuildFile; fileRef = E38A423F2DF130ED0059028D /* NLF_Contact_View.swift */; };
		E38A42432DF132610059028D /* NLF_Contact_View_Header.swift in Sources */ = {isa = PBXBuildFile; fileRef = E38A42422DF132610059028D /* NLF_Contact_View_Header.swift */; };
		E38A42452DF133260059028D /* NLF_Contact_Info_View.swift in Sources */ = {isa = PBXBuildFile; fileRef = E38A42442DF133260059028D /* NLF_Contact_Info_View.swift */; };
		E38A42472DF1339A0059028D /* NLF_Contact_Info_Category.swift in Sources */ = {isa = PBXBuildFile; fileRef = E38A42462DF1339A0059028D /* NLF_Contact_Info_Category.swift */; };
		E38A42492DF133B70059028D /* NLF_Contact_Info_SheetRow.swift in Sources */ = {isa = PBXBuildFile; fileRef = E38A42482DF133B70059028D /* NLF_Contact_Info_SheetRow.swift */; };
		E38A424B2DF1CB590059028D /* Contacts_List_Filter.swift in Sources */ = {isa = PBXBuildFile; fileRef = E38A424A2DF1CB590059028D /* Contacts_List_Filter.swift */; };
		E3B910B32DE0B3D500F86A15 /* Settings_Forms.swift in Sources */ = {isa = PBXBuildFile; fileRef = E3B910B22DE0B3D500F86A15 /* Settings_Forms.swift */; };
		E3B910C82DE3734300F86A15 /* NLF_Form.swift in Sources */ = {isa = PBXBuildFile; fileRef = E3B910C72DE3734300F86A15 /* NLF_Form.swift */; };
		E3B910CA2DE5FA7800F86A15 /* NLF_Forms_List.swift in Sources */ = {isa = PBXBuildFile; fileRef = E3B910C92DE5FA7800F86A15 /* NLF_Forms_List.swift */; };
		E3B910DB2DE6878600F86A15 /* GoogleDrive_IconDownload.swift in Sources */ = {isa = PBXBuildFile; fileRef = E3B910DA2DE6878600F86A15 /* GoogleDrive_IconDownload.swift */; };
		E3B910DD2DE6931000F86A15 /* GoogleDriveIcons.xcassets in Resources */ = {isa = PBXBuildFile; fileRef = E3B910DC2DE6931000F86A15 /* GoogleDriveIcons.xcassets */; };
		E3B910DF2DE6990700F86A15 /* NLF_Form_Inspector.swift in Sources */ = {isa = PBXBuildFile; fileRef = E3B910DE2DE6990700F86A15 /* NLF_Form_Inspector.swift */; };
		E3B910E42DE7319100F86A15 /* NLF_Form_Edit.swift in Sources */ = {isa = PBXBuildFile; fileRef = E3B910E32DE7319100F86A15 /* NLF_Form_Edit.swift */; };
		E3B910E62DE731AB00F86A15 /* NLF_Form_Use.swift in Sources */ = {isa = PBXBuildFile; fileRef = E3B910E52DE731AB00F86A15 /* NLF_Form_Use.swift */; };
		E3BD45D82DE733000094FFB1 /* NLF_Form_New.swift in Sources */ = {isa = PBXBuildFile; fileRef = E3BD45D72DE733000094FFB1 /* NLF_Form_New.swift */; };
		E3BD45DA2DE735130094FFB1 /* NLF_FormController.swift in Sources */ = {isa = PBXBuildFile; fileRef = E3BD45D92DE735130094FFB1 /* NLF_FormController.swift */; };
		E3BD45DC2DE7394C0094FFB1 /* NLF_Form_Fields.swift in Sources */ = {isa = PBXBuildFile; fileRef = E3BD45DB2DE7394C0094FFB1 /* NLF_Form_Fields.swift */; };
		E3BD45DF2DE757880094FFB1 /* NLF_Form_Import.swift in Sources */ = {isa = PBXBuildFile; fileRef = E3BD45DE2DE757880094FFB1 /* NLF_Form_Import.swift */; };
		E3BD45E12DE758EF0094FFB1 /* NLF_Form_Filter.swift in Sources */ = {isa = PBXBuildFile; fileRef = E3BD45E02DE758EF0094FFB1 /* NLF_Form_Filter.swift */; };
		E3BD45E32DE75E4A0094FFB1 /* NLF_Form_Sort.swift in Sources */ = {isa = PBXBuildFile; fileRef = E3BD45E22DE75E4A0094FFB1 /* NLF_Form_Sort.swift */; };
		E3BD45E52DE77B4F0094FFB1 /* NLF_Form_Duplicate.swift in Sources */ = {isa = PBXBuildFile; fileRef = E3BD45E42DE77B4F0094FFB1 /* NLF_Form_Duplicate.swift */; };
		E3BD45E72DE780C20094FFB1 /* NLF_Form_DriveID.swift in Sources */ = {isa = PBXBuildFile; fileRef = E3BD45E62DE780C20094FFB1 /* NLF_Form_DriveID.swift */; };
		E3F544B62DEE910E0039E913 /* Web_View.swift in Sources */ = {isa = PBXBuildFile; fileRef = E3F544B52DEE910E0039E913 /* Web_View.swift */; };
		E3F544B82DEEA1150039E913 /* Inbox_Filing_URLItemView.swift in Sources */ = {isa = PBXBuildFile; fileRef = E3F544B72DEEA1150039E913 /* Inbox_Filing_URLItemView.swift */; };
		E3F5A1862DAFF276004100C3 /* Case_Folder.swift in Sources */ = {isa = PBXBuildFile; fileRef = E3F5A1812DAFF276004100C3 /* Case_Folder.swift */; };
		E3F5A1872DAFF276004100C3 /* Case_Sheets.swift in Sources */ = {isa = PBXBuildFile; fileRef = E3F5A1802DAFF276004100C3 /* Case_Sheets.swift */; };
		E3F5A1882DAFF276004100C3 /* Case_Contact.swift in Sources */ = {isa = PBXBuildFile; fileRef = E3F5A1822DAFF276004100C3 /* Case_Contact.swift */; };
		E3F5A1892DAFF276004100C3 /* Case.swift in Sources */ = {isa = PBXBuildFile; fileRef = E3F5A17F2DAFF276004100C3 /* Case.swift */; };
		E3F5A18A2DAFF276004100C3 /* Case_Tag.swift in Sources */ = {isa = PBXBuildFile; fileRef = E3F5A1832DAFF276004100C3 /* Case_Tag.swift */; };
		E3F5A18C2DAFF35A004100C3 /* Case_View.swift in Sources */ = {isa = PBXBuildFile; fileRef = E3F5A18B2DAFF35A004100C3 /* Case_View.swift */; };
		E3F5A18F2DAFF4F7004100C3 /* Google_Sheets.swift in Sources */ = {isa = PBXBuildFile; fileRef = E3F5A18E2DAFF4F7004100C3 /* Google_Sheets.swift */; };
		E3F5A1912DB00762004100C3 /* Case_Error.swift in Sources */ = {isa = PBXBuildFile; fileRef = E3F5A1902DB00762004100C3 /* Case_Error.swift */; };
		E3F5A1942DB015DD004100C3 /* FolderNew.swift in Sources */ = {isa = PBXBuildFile; fileRef = E3F5A1932DB015DD004100C3 /* FolderNew.swift */; };
		E3F5A1962DB015FA004100C3 /* FolderMenu.swift in Sources */ = {isa = PBXBuildFile; fileRef = E3F5A1952DB015FA004100C3 /* FolderMenu.swift */; };
		E3F5A1982DB01E80004100C3 /* FolderSuggestions.swift in Sources */ = {isa = PBXBuildFile; fileRef = E3F5A1972DB01E80004100C3 /* FolderSuggestions.swift */; };
		E3F5A19A2DB02266004100C3 /* FolderEdit.swift in Sources */ = {isa = PBXBuildFile; fileRef = E3F5A1992DB02266004100C3 /* FolderEdit.swift */; };
		E3F5A19C2DB03850004100C3 /* Case_Label.swift in Sources */ = {isa = PBXBuildFile; fileRef = E3F5A19B2DB03850004100C3 /* Case_Label.swift */; };
		E3F5A1AE2DB0819D004100C3 /* Case_Contact_Row.swift in Sources */ = {isa = PBXBuildFile; fileRef = E3F5A1AD2DB0819D004100C3 /* Case_Contact_Row.swift */; };
		E3F5A1B12DB082FB004100C3 /* Case_Contact_Details.swift in Sources */ = {isa = PBXBuildFile; fileRef = E3F5A1B02DB082FB004100C3 /* Case_Contact_Details.swift */; };
		E3F5A1B32DB08356004100C3 /* Case_Contacts_List.swift in Sources */ = {isa = PBXBuildFile; fileRef = E3F5A1B22DB08356004100C3 /* Case_Contacts_List.swift */; };
		E3FB15122DE9DA8B00DDCF58 /* NLF_Form_ExampleList.swift in Sources */ = {isa = PBXBuildFile; fileRef = E3FB15112DE9DA8B00DDCF58 /* NLF_Form_ExampleList.swift */; };
		E3FB15142DE9EF4900DDCF58 /* NLF_Form_MultipleSelection.swift in Sources */ = {isa = PBXBuildFile; fileRef = E3FB15132DE9EF4900DDCF58 /* NLF_Form_MultipleSelection.swift */; };
		E3FB15172DEA0E1C00DDCF58 /* Drive_Rename.swift in Sources */ = {isa = PBXBuildFile; fileRef = E3FB15162DEA0E1C00DDCF58 /* Drive_Rename.swift */; };
		E3FB152B2DEB5BA900DDCF58 /* Inbox_View.swift in Sources */ = {isa = PBXBuildFile; fileRef = E3FB152A2DEB5BA900DDCF58 /* Inbox_View.swift */; };
/* End PBXBuildFile section */

/* Begin PBXFileReference section */
		E31D5CB62DF1F18700C3DFF0 /* NLF_Contact_ImageField-Cache.swift */ = {isa = PBXFileReference; lastKnownFileType = sourcecode.swift; path = "NLF_Contact_ImageField-Cache.swift"; sourceTree = "<group>"; };
		E31D5CBC2DF26F6200C3DFF0 /* NLF_Contacts_FileView.swift */ = {isa = PBXFileReference; lastKnownFileType = sourcecode.swift; path = NLF_Contacts_FileView.swift; sourceTree = "<group>"; };
		E31D5CBE2DF2760100C3DFF0 /* BOF_Finder.swift */ = {isa = PBXFileReference; lastKnownFileType = sourcecode.swift; path = BOF_Finder.swift; sourceTree = "<group>"; };
		E321D8382DB9672A006CC081 /* Filing_View.swift */ = {isa = PBXFileReference; lastKnownFileType = sourcecode.swift; path = Filing_View.swift; sourceTree = "<group>"; };
		E321D83B2DB96741006CC081 /* Drive_Navigator.swift */ = {isa = PBXFileReference; lastKnownFileType = sourcecode.swift; path = Drive_Navigator.swift; sourceTree = "<group>"; };
		E321D83D2DB96758006CC081 /* Case_List.swift */ = {isa = PBXFileReference; lastKnownFileType = sourcecode.swift; path = Case_List.swift; sourceTree = "<group>"; };
		E321D8492DBA74BA006CC081 /* Google_Drive_Permissions.swift */ = {isa = PBXFileReference; lastKnownFileType = sourcecode.swift; path = Google_Drive_Permissions.swift; sourceTree = "<group>"; };
		E321D84B2DBBD033006CC081 /* Drive_Navigator_Inspector.swift */ = {isa = PBXFileReference; lastKnownFileType = sourcecode.swift; path = Drive_Navigator_Inspector.swift; sourceTree = "<group>"; };
		E32730D22DE8F02800B6EDBD /* NLF_Form_Category.swift */ = {isa = PBXFileReference; lastKnownFileType = sourcecode.swift; path = NLF_Form_Category.swift; sourceTree = "<group>"; };
		E32730D42DE8F04400B6EDBD /* NLF_Form_DriveLabel.swift */ = {isa = PBXFileReference; lastKnownFileType = sourcecode.swift; path = NLF_Form_DriveLabel.swift; sourceTree = "<group>"; };
		E32730D62DE8F0BF00B6EDBD /* NLF_Form_Label.swift */ = {isa = PBXFileReference; lastKnownFileType = sourcecode.swift; path = NLF_Form_Label.swift; sourceTree = "<group>"; };
		E32730D82DE9220100B6EDBD /* VStack_Loader.swift */ = {isa = PBXFileReference; lastKnownFileType = sourcecode.swift; path = VStack_Loader.swift; sourceTree = "<group>"; };
		E369CA152DA0463D00FE91DB /* File Driver.app */ = {isa = PBXFileReference; explicitFileType = wrapper.application; includeInIndex = 0; path = "File Driver.app"; sourceTree = BUILT_PRODUCTS_DIR; };
		E369CA2A2DA0464300FE91DB /* File_Driver.entitlements */ = {isa = PBXFileReference; lastKnownFileType = text.plist.entitlements; path = File_Driver.entitlements; sourceTree = "<group>"; };
		E369CA2B2DA0464300FE91DB /* File_DriverApp.swift */ = {isa = PBXFileReference; lastKnownFileType = sourcecode.swift; path = File_DriverApp.swift; sourceTree = "<group>"; };
		E369CA2C2DA0464300FE91DB /* Info.plist */ = {isa = PBXFileReference; lastKnownFileType = text.plist.xml; path = Info.plist; sourceTree = "<group>"; };
		E369CA362DA0467700FE91DB /* Fart.caf */ = {isa = PBXFileReference; lastKnownFileType = file; path = Fart.caf; sourceTree = "<group>"; };
		E369CA482DA048BE00FE91DB /* BOF_SwiftData.swift */ = {isa = PBXFileReference; lastKnownFileType = sourcecode.swift; path = BOF_SwiftData.swift; sourceTree = "<group>"; };
		E369CA4A2DA048C400FE91DB /* Settings.swift */ = {isa = PBXFileReference; lastKnownFileType = sourcecode.swift; path = Settings.swift; sourceTree = "<group>"; };
		E369CA4B2DA048C400FE91DB /* Settings_View.swift */ = {isa = PBXFileReference; lastKnownFileType = sourcecode.swift; path = Settings_View.swift; sourceTree = "<group>"; };
		E369CA4E2DA048CE00FE91DB /* Sidebar_ItemEdit.swift */ = {isa = PBXFileReference; lastKnownFileType = sourcecode.swift; path = Sidebar_ItemEdit.swift; sourceTree = "<group>"; };
		E369CA4F2DA048CE00FE91DB /* Sidebar_ItemNew.swift */ = {isa = PBXFileReference; lastKnownFileType = sourcecode.swift; path = Sidebar_ItemNew.swift; sourceTree = "<group>"; };
		E369CA512DA048CE00FE91DB /* Sidebar_Item.swift */ = {isa = PBXFileReference; lastKnownFileType = sourcecode.swift; path = Sidebar_Item.swift; sourceTree = "<group>"; };
		E369CA532DA048CE00FE91DB /* Sidebar.swift */ = {isa = PBXFileReference; lastKnownFileType = sourcecode.swift; path = Sidebar.swift; sourceTree = "<group>"; };
		E369CA542DA048CE00FE91DB /* Sidebar_Row.swift */ = {isa = PBXFileReference; lastKnownFileType = sourcecode.swift; path = Sidebar_Row.swift; sourceTree = "<group>"; };
		E369CA552DA048CE00FE91DB /* Sidebar_Settings.swift */ = {isa = PBXFileReference; lastKnownFileType = sourcecode.swift; path = Sidebar_Settings.swift; sourceTree = "<group>"; };
		E369CA5C2DA048DB00FE91DB /* ContentView.swift */ = {isa = PBXFileReference; lastKnownFileType = sourcecode.swift; path = ContentView.swift; sourceTree = "<group>"; };
		E369CA7A2DA04A6900FE91DB /* Assets.xcassets */ = {isa = PBXFileReference; lastKnownFileType = folder.assetcatalog; path = Assets.xcassets; sourceTree = "<group>"; };
		E376F6052DDE1874007CBBD7 /* Settings_Contacts.swift */ = {isa = PBXFileReference; lastKnownFileType = sourcecode.swift; path = Settings_Contacts.swift; sourceTree = "<group>"; };
		E37E51AD2DEEB21B00EF860C /* Inbox_Filing_DownloadItemView.swift */ = {isa = PBXFileReference; lastKnownFileType = sourcecode.swift; path = Inbox_Filing_DownloadItemView.swift; sourceTree = "<group>"; };
		E37E51B02DEEC30200EF860C /* Filing_WebView.swift */ = {isa = PBXFileReference; lastKnownFileType = sourcecode.swift; path = Filing_WebView.swift; sourceTree = "<group>"; };
		E37E51B22DEF3E3900EF860C /* Case_Filing_Selector.swift */ = {isa = PBXFileReference; lastKnownFileType = sourcecode.swift; path = Case_Filing_Selector.swift; sourceTree = "<group>"; };
		E37E51B42DEF4A9600EF860C /* Case_Filing_DetailView.swift */ = {isa = PBXFileReference; lastKnownFileType = sourcecode.swift; path = Case_Filing_DetailView.swift; sourceTree = "<group>"; };
		E37E51BE2DEF575300EF860C /* Cases_Table.swift */ = {isa = PBXFileReference; lastKnownFileType = sourcecode.swift; path = Cases_Table.swift; sourceTree = "<group>"; };
		E37E51C02DEF7AD700EF860C /* Contacts_List.swift */ = {isa = PBXFileReference; lastKnownFileType = sourcecode.swift; path = Contacts_List.swift; sourceTree = "<group>"; };
		E37E51C32DEF7CCB00EF860C /* NLF_Contact.swift */ = {isa = PBXFileReference; lastKnownFileType = sourcecode.swift; path = NLF_Contact.swift; sourceTree = "<group>"; };
		E37E51C52DEF7CE100EF860C /* NLF_Contact_Label.swift */ = {isa = PBXFileReference; lastKnownFileType = sourcecode.swift; path = NLF_Contact_Label.swift; sourceTree = "<group>"; };
		E37E51C72DEF7CF700EF860C /* NLF_Contact_Drive_Label.swift */ = {isa = PBXFileReference; lastKnownFileType = sourcecode.swift; path = NLF_Contact_Drive_Label.swift; sourceTree = "<group>"; };
		E37E51C92DEF7D9100EF860C /* NLF_ContactsController.swift */ = {isa = PBXFileReference; lastKnownFileType = sourcecode.swift; path = NLF_ContactsController.swift; sourceTree = "<group>"; };
		E37E51CE2DEF7ECE00EF860C /* NLF_Contact_New.swift */ = {isa = PBXFileReference; lastKnownFileType = sourcecode.swift; path = NLF_Contact_New.swift; sourceTree = "<group>"; };
		E37E51D02DEF97EC00EF860C /* Filter.swift */ = {isa = PBXFileReference; lastKnownFileType = sourcecode.swift; path = Filter.swift; sourceTree = "<group>"; };
		E37E51D22DEFA95800EF860C /* NLF_Contact_LabelView.swift */ = {isa = PBXFileReference; lastKnownFileType = sourcecode.swift; path = NLF_Contact_LabelView.swift; sourceTree = "<group>"; };
		E37E51D52DEFAE1500EF860C /* NLF_Contact_NameField.swift */ = {isa = PBXFileReference; lastKnownFileType = sourcecode.swift; path = NLF_Contact_NameField.swift; sourceTree = "<group>"; };
		E37E51D72DEFB25F00EF860C /* Drive_SetDefaultID.swift */ = {isa = PBXFileReference; lastKnownFileType = sourcecode.swift; path = Drive_SetDefaultID.swift; sourceTree = "<group>"; };
		E37E51D92DEFC6BB00EF860C /* Drive_FileSelect.swift */ = {isa = PBXFileReference; lastKnownFileType = sourcecode.swift; path = Drive_FileSelect.swift; sourceTree = "<group>"; };
		E37E51DD2DEFD19300EF860C /* Drive_Selector.swift */ = {isa = PBXFileReference; lastKnownFileType = sourcecode.swift; path = Drive_Selector.swift; sourceTree = "<group>"; };
		E37E51E12DF06E5500EF860C /* NLF_Contact_ImageField.swift */ = {isa = PBXFileReference; lastKnownFileType = sourcecode.swift; path = NLF_Contact_ImageField.swift; sourceTree = "<group>"; };
		E380F7F52DA04E5500540A3B /* Google.swift */ = {isa = PBXFileReference; lastKnownFileType = sourcecode.swift; path = Google.swift; sourceTree = "<group>"; };
		E380F7F62DA04E5500540A3B /* Google_Drive.swift */ = {isa = PBXFileReference; lastKnownFileType = sourcecode.swift; path = Google_Drive.swift; sourceTree = "<group>"; };
		E380F7F72DA04E5500540A3B /* Google_Drive_Preview.swift */ = {isa = PBXFileReference; lastKnownFileType = sourcecode.swift; path = Google_Drive_Preview.swift; sourceTree = "<group>"; };
		E380F7F92DA04E5500540A3B /* GTLRDrive_File_Ext.swift */ = {isa = PBXFileReference; lastKnownFileType = sourcecode.swift; path = GTLRDrive_File_Ext.swift; sourceTree = "<group>"; };
		E380F7FA2DA04E5500540A3B /* GTLRDrive_Drive_Ext.swift */ = {isa = PBXFileReference; lastKnownFileType = sourcecode.swift; path = GTLRDrive_Drive_Ext.swift; sourceTree = "<group>"; };
		E380F8052DA04E5500540A3B /* Google_Labels.swift */ = {isa = PBXFileReference; lastKnownFileType = sourcecode.swift; path = Google_Labels.swift; sourceTree = "<group>"; };
		E380F8062DA04E5500540A3B /* Google_Label.swift */ = {isa = PBXFileReference; lastKnownFileType = sourcecode.swift; path = Google_Label.swift; sourceTree = "<group>"; };
		E380F8082DA04E5500540A3B /* Google_SignIn.swift */ = {isa = PBXFileReference; lastKnownFileType = sourcecode.swift; path = Google_SignIn.swift; sourceTree = "<group>"; };
		E380F8092DA04E5500540A3B /* Google_SignInView.swift */ = {isa = PBXFileReference; lastKnownFileType = sourcecode.swift; path = Google_SignInView.swift; sourceTree = "<group>"; };
		E380F80B2DA04E5500540A3B /* Google_Error.swift */ = {isa = PBXFileReference; lastKnownFileType = sourcecode.swift; path = Google_Error.swift; sourceTree = "<group>"; };
		E380F80C2DA04E5500540A3B /* Google_Fetcher.swift */ = {isa = PBXFileReference; lastKnownFileType = sourcecode.swift; path = Google_Fetcher.swift; sourceTree = "<group>"; };
		E380F80D2DA04E5500540A3B /* Google_Scopes.swift */ = {isa = PBXFileReference; lastKnownFileType = sourcecode.swift; path = Google_Scopes.swift; sourceTree = "<group>"; };
		E380F8252DA0534A00540A3B /* BOF_NavModel.swift */ = {isa = PBXFileReference; lastKnownFileType = sourcecode.swift; path = BOF_NavModel.swift; sourceTree = "<group>"; };
		E380F8282DA05AC900540A3B /* Inbox_View_OLD.swift */ = {isa = PBXFileReference; lastKnownFileType = sourcecode.swift; path = Inbox_View_OLD.swift; sourceTree = "<group>"; };
		E380F82A2DA05B2500540A3B /* Settings_Inbox.swift */ = {isa = PBXFileReference; lastKnownFileType = sourcecode.swift; path = Settings_Inbox.swift; sourceTree = "<group>"; };
		E38A421F2DF09A1C0059028D /* NLF_Contact_Info.swift */ = {isa = PBXFileReference; lastKnownFileType = sourcecode.swift; path = NLF_Contact_Info.swift; sourceTree = "<group>"; };
		E38A42302DF0F5190059028D /* NLF_Contact_SheetRow_Add.swift */ = {isa = PBXFileReference; lastKnownFileType = sourcecode.swift; path = NLF_Contact_SheetRow_Add.swift; sourceTree = "<group>"; };
		E38A42332DF103C30059028D /* NLF_Contact_SheetRow_Category.swift */ = {isa = PBXFileReference; lastKnownFileType = sourcecode.swift; path = NLF_Contact_SheetRow_Category.swift; sourceTree = "<group>"; };
		E38A42352DF103E50059028D /* NLF_Contact_SheetRow_Label.swift */ = {isa = PBXFileReference; lastKnownFileType = sourcecode.swift; path = NLF_Contact_SheetRow_Label.swift; sourceTree = "<group>"; };
		E38A42372DF105370059028D /* NLF_Contact_SheetRow_Value.swift */ = {isa = PBXFileReference; lastKnownFileType = sourcecode.swift; path = NLF_Contact_SheetRow_Value.swift; sourceTree = "<group>"; };
		E38A423B2DF113A10059028D /* NLF_Contact_SheetRow_Delete.swift */ = {isa = PBXFileReference; lastKnownFileType = sourcecode.swift; path = NLF_Contact_SheetRow_Delete.swift; sourceTree = "<group>"; };
		E38A423D2DF1220A0059028D /* NLF_Contact_SheetRow_Update.swift */ = {isa = PBXFileReference; lastKnownFileType = sourcecode.swift; path = NLF_Contact_SheetRow_Update.swift; sourceTree = "<group>"; };
		E38A423F2DF130ED0059028D /* NLF_Contact_View.swift */ = {isa = PBXFileReference; lastKnownFileType = sourcecode.swift; path = NLF_Contact_View.swift; sourceTree = "<group>"; };
		E38A42422DF132610059028D /* NLF_Contact_View_Header.swift */ = {isa = PBXFileReference; lastKnownFileType = sourcecode.swift; path = NLF_Contact_View_Header.swift; sourceTree = "<group>"; };
		E38A42442DF133260059028D /* NLF_Contact_Info_View.swift */ = {isa = PBXFileReference; lastKnownFileType = sourcecode.swift; path = NLF_Contact_Info_View.swift; sourceTree = "<group>"; };
		E38A42462DF1339A0059028D /* NLF_Contact_Info_Category.swift */ = {isa = PBXFileReference; lastKnownFileType = sourcecode.swift; path = NLF_Contact_Info_Category.swift; sourceTree = "<group>"; };
		E38A42482DF133B70059028D /* NLF_Contact_Info_SheetRow.swift */ = {isa = PBXFileReference; lastKnownFileType = sourcecode.swift; path = NLF_Contact_Info_SheetRow.swift; sourceTree = "<group>"; };
		E38A424A2DF1CB590059028D /* Contacts_List_Filter.swift */ = {isa = PBXFileReference; lastKnownFileType = sourcecode.swift; path = Contacts_List_Filter.swift; sourceTree = "<group>"; };
		E3B910B22DE0B3D500F86A15 /* Settings_Forms.swift */ = {isa = PBXFileReference; lastKnownFileType = sourcecode.swift; path = Settings_Forms.swift; sourceTree = "<group>"; };
		E3B910C72DE3734300F86A15 /* NLF_Form.swift */ = {isa = PBXFileReference; lastKnownFileType = sourcecode.swift; path = NLF_Form.swift; sourceTree = "<group>"; };
		E3B910C92DE5FA7800F86A15 /* NLF_Forms_List.swift */ = {isa = PBXFileReference; lastKnownFileType = sourcecode.swift; path = NLF_Forms_List.swift; sourceTree = "<group>"; };
		E3B910DA2DE6878600F86A15 /* GoogleDrive_IconDownload.swift */ = {isa = PBXFileReference; lastKnownFileType = sourcecode.swift; path = GoogleDrive_IconDownload.swift; sourceTree = "<group>"; };
		E3B910DC2DE6931000F86A15 /* GoogleDriveIcons.xcassets */ = {isa = PBXFileReference; lastKnownFileType = folder.assetcatalog; path = GoogleDriveIcons.xcassets; sourceTree = "<group>"; };
		E3B910DE2DE6990700F86A15 /* NLF_Form_Inspector.swift */ = {isa = PBXFileReference; lastKnownFileType = sourcecode.swift; path = NLF_Form_Inspector.swift; sourceTree = "<group>"; };
		E3B910E32DE7319100F86A15 /* NLF_Form_Edit.swift */ = {isa = PBXFileReference; lastKnownFileType = sourcecode.swift; path = NLF_Form_Edit.swift; sourceTree = "<group>"; };
		E3B910E52DE731AB00F86A15 /* NLF_Form_Use.swift */ = {isa = PBXFileReference; lastKnownFileType = sourcecode.swift; path = NLF_Form_Use.swift; sourceTree = "<group>"; };
		E3BD45D72DE733000094FFB1 /* NLF_Form_New.swift */ = {isa = PBXFileReference; lastKnownFileType = sourcecode.swift; path = NLF_Form_New.swift; sourceTree = "<group>"; };
		E3BD45D92DE735130094FFB1 /* NLF_FormController.swift */ = {isa = PBXFileReference; lastKnownFileType = sourcecode.swift; path = NLF_FormController.swift; sourceTree = "<group>"; };
		E3BD45DB2DE7394C0094FFB1 /* NLF_Form_Fields.swift */ = {isa = PBXFileReference; lastKnownFileType = sourcecode.swift; path = NLF_Form_Fields.swift; sourceTree = "<group>"; };
		E3BD45DE2DE757880094FFB1 /* NLF_Form_Import.swift */ = {isa = PBXFileReference; lastKnownFileType = sourcecode.swift; path = NLF_Form_Import.swift; sourceTree = "<group>"; };
		E3BD45E02DE758EF0094FFB1 /* NLF_Form_Filter.swift */ = {isa = PBXFileReference; lastKnownFileType = sourcecode.swift; path = NLF_Form_Filter.swift; sourceTree = "<group>"; };
		E3BD45E22DE75E4A0094FFB1 /* NLF_Form_Sort.swift */ = {isa = PBXFileReference; lastKnownFileType = sourcecode.swift; path = NLF_Form_Sort.swift; sourceTree = "<group>"; };
		E3BD45E42DE77B4F0094FFB1 /* NLF_Form_Duplicate.swift */ = {isa = PBXFileReference; lastKnownFileType = sourcecode.swift; path = NLF_Form_Duplicate.swift; sourceTree = "<group>"; };
		E3BD45E62DE780C20094FFB1 /* NLF_Form_DriveID.swift */ = {isa = PBXFileReference; lastKnownFileType = sourcecode.swift; path = NLF_Form_DriveID.swift; sourceTree = "<group>"; };
		E3F544B52DEE910E0039E913 /* Web_View.swift */ = {isa = PBXFileReference; lastKnownFileType = sourcecode.swift; path = Web_View.swift; sourceTree = "<group>"; };
		E3F544B72DEEA1150039E913 /* Inbox_Filing_URLItemView.swift */ = {isa = PBXFileReference; lastKnownFileType = sourcecode.swift; path = Inbox_Filing_URLItemView.swift; sourceTree = "<group>"; };
		E3F5A17F2DAFF276004100C3 /* Case.swift */ = {isa = PBXFileReference; lastKnownFileType = sourcecode.swift; path = Case.swift; sourceTree = "<group>"; };
		E3F5A1802DAFF276004100C3 /* Case_Sheets.swift */ = {isa = PBXFileReference; lastKnownFileType = sourcecode.swift; path = Case_Sheets.swift; sourceTree = "<group>"; };
		E3F5A1812DAFF276004100C3 /* Case_Folder.swift */ = {isa = PBXFileReference; lastKnownFileType = sourcecode.swift; path = Case_Folder.swift; sourceTree = "<group>"; };
		E3F5A1822DAFF276004100C3 /* Case_Contact.swift */ = {isa = PBXFileReference; lastKnownFileType = sourcecode.swift; path = Case_Contact.swift; sourceTree = "<group>"; };
		E3F5A1832DAFF276004100C3 /* Case_Tag.swift */ = {isa = PBXFileReference; lastKnownFileType = sourcecode.swift; path = Case_Tag.swift; sourceTree = "<group>"; };
		E3F5A18B2DAFF35A004100C3 /* Case_View.swift */ = {isa = PBXFileReference; lastKnownFileType = sourcecode.swift; path = Case_View.swift; sourceTree = "<group>"; };
		E3F5A18E2DAFF4F7004100C3 /* Google_Sheets.swift */ = {isa = PBXFileReference; lastKnownFileType = sourcecode.swift; path = Google_Sheets.swift; sourceTree = "<group>"; };
		E3F5A1902DB00762004100C3 /* Case_Error.swift */ = {isa = PBXFileReference; lastKnownFileType = sourcecode.swift; path = Case_Error.swift; sourceTree = "<group>"; };
		E3F5A1932DB015DD004100C3 /* FolderNew.swift */ = {isa = PBXFileReference; lastKnownFileType = sourcecode.swift; path = FolderNew.swift; sourceTree = "<group>"; };
		E3F5A1952DB015FA004100C3 /* FolderMenu.swift */ = {isa = PBXFileReference; lastKnownFileType = sourcecode.swift; path = FolderMenu.swift; sourceTree = "<group>"; };
		E3F5A1972DB01E80004100C3 /* FolderSuggestions.swift */ = {isa = PBXFileReference; lastKnownFileType = sourcecode.swift; path = FolderSuggestions.swift; sourceTree = "<group>"; };
		E3F5A1992DB02266004100C3 /* FolderEdit.swift */ = {isa = PBXFileReference; lastKnownFileType = sourcecode.swift; path = FolderEdit.swift; sourceTree = "<group>"; };
		E3F5A19B2DB03850004100C3 /* Case_Label.swift */ = {isa = PBXFileReference; lastKnownFileType = sourcecode.swift; path = Case_Label.swift; sourceTree = "<group>"; };
		E3F5A1AD2DB0819D004100C3 /* Case_Contact_Row.swift */ = {isa = PBXFileReference; lastKnownFileType = sourcecode.swift; path = Case_Contact_Row.swift; sourceTree = "<group>"; };
		E3F5A1B02DB082FB004100C3 /* Case_Contact_Details.swift */ = {isa = PBXFileReference; lastKnownFileType = sourcecode.swift; path = Case_Contact_Details.swift; sourceTree = "<group>"; };
		E3F5A1B22DB08356004100C3 /* Case_Contacts_List.swift */ = {isa = PBXFileReference; lastKnownFileType = sourcecode.swift; path = Case_Contacts_List.swift; sourceTree = "<group>"; };
		E3FB15112DE9DA8B00DDCF58 /* NLF_Form_ExampleList.swift */ = {isa = PBXFileReference; lastKnownFileType = sourcecode.swift; path = NLF_Form_ExampleList.swift; sourceTree = "<group>"; };
		E3FB15132DE9EF4900DDCF58 /* NLF_Form_MultipleSelection.swift */ = {isa = PBXFileReference; lastKnownFileType = sourcecode.swift; path = NLF_Form_MultipleSelection.swift; sourceTree = "<group>"; };
		E3FB15162DEA0E1C00DDCF58 /* Drive_Rename.swift */ = {isa = PBXFileReference; lastKnownFileType = sourcecode.swift; path = Drive_Rename.swift; sourceTree = "<group>"; };
		E3FB152A2DEB5BA900DDCF58 /* Inbox_View.swift */ = {isa = PBXFileReference; lastKnownFileType = sourcecode.swift; path = Inbox_View.swift; sourceTree = "<group>"; };
/* End PBXFileReference section */

/* Begin PBXFrameworksBuildPhase section */
		E369CA122DA0463D00FE91DB /* Frameworks */ = {
			isa = PBXFrameworksBuildPhase;
			buildActionMask = 2147483647;
			files = (
				E369CA422DA047D800FE91DB /* GoogleAPIClientForREST_Drive in Frameworks */,
				E380F8242DA04E8900540A3B /* GoogleAPIClientForREST_DriveLabels in Frameworks */,
				E369CA3F2DA047A000FE91DB /* GoogleSignInSwift in Frameworks */,
				E369CA3A2DA0478400FE91DB /* BOF_SecretSauce in Frameworks */,
				E369CA3D2DA047A000FE91DB /* GoogleSignIn in Frameworks */,
				E369CA442DA047D800FE91DB /* GoogleAPIClientForREST_Sheets in Frameworks */,
			);
			runOnlyForDeploymentPostprocessing = 0;
		};
/* End PBXFrameworksBuildPhase section */

/* Begin PBXGroup section */
		E31D5CB82DF1F22000C3DFF0 /* Contact */ = {
			isa = PBXGroup;
			children = (
				E38A423F2DF130ED0059028D /* NLF_Contact_View.swift */,
				E38A42422DF132610059028D /* NLF_Contact_View_Header.swift */,
				E31D5CB92DF1F71600C3DFF0 /* Actions */,
				E38A42392DF111C80059028D /* Fields */,
			);
			path = Contact;
			sourceTree = "<group>";
		};
		E31D5CB92DF1F71600C3DFF0 /* Actions */ = {
			isa = PBXGroup;
			children = (
				E37E51CE2DEF7ECE00EF860C /* NLF_Contact_New.swift */,
			);
			path = Actions;
			sourceTree = "<group>";
		};
		E31D5CBA2DF1F75900C3DFF0 /* Actions */ = {
			isa = PBXGroup;
			children = (
				E38A42302DF0F5190059028D /* NLF_Contact_SheetRow_Add.swift */,
				E38A423D2DF1220A0059028D /* NLF_Contact_SheetRow_Update.swift */,
				E38A423B2DF113A10059028D /* NLF_Contact_SheetRow_Delete.swift */,
			);
			path = Actions;
			sourceTree = "<group>";
		};
		E31D5CBB2DF26F5A00C3DFF0 /* Files */ = {
			isa = PBXGroup;
			children = (
				E31D5CBC2DF26F6200C3DFF0 /* NLF_Contacts_FileView.swift */,
				E31D5CBE2DF2760100C3DFF0 /* BOF_Finder.swift */,
			);
			path = Files;
			sourceTree = "<group>";
		};
		E321D8392DB9672A006CC081 /* Filing */ = {
			isa = PBXGroup;
			children = (
				E321D8382DB9672A006CC081 /* Filing_View.swift */,
				E37E51BD2DEF574400EF860C /* Case_Filing */,
			);
			path = Filing;
			sourceTree = "<group>";
		};
		E321D8482DBA74AF006CC081 /* Permissions */ = {
			isa = PBXGroup;
			children = (
				E321D8492DBA74BA006CC081 /* Google_Drive_Permissions.swift */,
			);
			path = Permissions;
			sourceTree = "<group>";
		};
		E369CA0C2DA0463D00FE91DB = {
			isa = PBXGroup;
			children = (
				E369CA2E2DA0464300FE91DB /* File Driver */,
				E380F8222DA04E8900540A3B /* Frameworks */,
				E369CA162DA0463D00FE91DB /* Products */,
			);
			sourceTree = "<group>";
		};
		E369CA162DA0463D00FE91DB /* Products */ = {
			isa = PBXGroup;
			children = (
				E369CA152DA0463D00FE91DB /* File Driver.app */,
			);
			name = Products;
			sourceTree = "<group>";
		};
		E369CA2E2DA0464300FE91DB /* File Driver */ = {
			isa = PBXGroup;
			children = (
				E369CA2A2DA0464300FE91DB /* File_Driver.entitlements */,
				E369CA2C2DA0464300FE91DB /* Info.plist */,
				E369CA7A2DA04A6900FE91DB /* Assets.xcassets */,
				E3B910DC2DE6931000F86A15 /* GoogleDriveIcons.xcassets */,
				E369CA2B2DA0464300FE91DB /* File_DriverApp.swift */,
				E369CA5C2DA048DB00FE91DB /* ContentView.swift */,
				E3B910AD2DE0AF3B00F86A15 /* Forms */,
				E376F6042DDE1728007CBBD7 /* Contacts */,
				E369CA452DA0489D00FE91DB /* Sidebar */,
				E321D8392DB9672A006CC081 /* Filing */,
				E3F5A17E2DAFF26F004100C3 /* Case */,
				E380F8272DA05AB900540A3B /* Inbox */,
				E369CA472DA048B100FE91DB /* Helpers */,
				E369CA462DA048A400FE91DB /* Settings */,
				E380F80F2DA04E5500540A3B /* Google */,
				E369CA342DA0464800FE91DB /* Assets */,
			);
			path = "File Driver";
			sourceTree = "<group>";
		};
		E369CA342DA0464800FE91DB /* Assets */ = {
			isa = PBXGroup;
			children = (
				E369CA352DA0466A00FE91DB /* Sounds */,
			);
			path = Assets;
			sourceTree = "<group>";
		};
		E369CA352DA0466A00FE91DB /* Sounds */ = {
			isa = PBXGroup;
			children = (
				E369CA362DA0467700FE91DB /* Fart.caf */,
			);
			path = Sounds;
			sourceTree = "<group>";
		};
		E369CA452DA0489D00FE91DB /* Sidebar */ = {
			isa = PBXGroup;
			children = (
				E369CA502DA048CE00FE91DB /* Edit */,
				E369CA522DA048CE00FE91DB /* Model */,
				E369CA532DA048CE00FE91DB /* Sidebar.swift */,
				E369CA542DA048CE00FE91DB /* Sidebar_Row.swift */,
				E369CA552DA048CE00FE91DB /* Sidebar_Settings.swift */,
			);
			path = Sidebar;
			sourceTree = "<group>";
		};
		E369CA462DA048A400FE91DB /* Settings */ = {
			isa = PBXGroup;
			children = (
				E369CA4A2DA048C400FE91DB /* Settings.swift */,
				E369CA4B2DA048C400FE91DB /* Settings_View.swift */,
				E376F6052DDE1874007CBBD7 /* Settings_Contacts.swift */,
			);
			path = Settings;
			sourceTree = "<group>";
		};
		E369CA472DA048B100FE91DB /* Helpers */ = {
			isa = PBXGroup;
			children = (
				E37E51D02DEF97EC00EF860C /* Filter.swift */,
				E37E51B02DEEC30200EF860C /* Filing_WebView.swift */,
				E369CA482DA048BE00FE91DB /* BOF_SwiftData.swift */,
				E380F8252DA0534A00540A3B /* BOF_NavModel.swift */,
				E32730D82DE9220100B6EDBD /* VStack_Loader.swift */,
			);
			path = Helpers;
			sourceTree = "<group>";
		};
		E369CA502DA048CE00FE91DB /* Edit */ = {
			isa = PBXGroup;
			children = (
				E369CA4E2DA048CE00FE91DB /* Sidebar_ItemEdit.swift */,
				E369CA4F2DA048CE00FE91DB /* Sidebar_ItemNew.swift */,
			);
			path = Edit;
			sourceTree = "<group>";
		};
		E369CA522DA048CE00FE91DB /* Model */ = {
			isa = PBXGroup;
			children = (
				E369CA512DA048CE00FE91DB /* Sidebar_Item.swift */,
			);
			path = Model;
			sourceTree = "<group>";
		};
		E376F6042DDE1728007CBBD7 /* Contacts */ = {
			isa = PBXGroup;
			children = (
				E37E51C92DEF7D9100EF860C /* NLF_ContactsController.swift */,
				E37E51CC2DEF7EB700EF860C /* Views */,
				E37E51CD2DEF7EBE00EF860C /* Model */,
			);
			path = Contacts;
			sourceTree = "<group>";
		};
		E37E51AF2DEEB28D00EF860C /* Filing Views */ = {
			isa = PBXGroup;
			children = (
				E3F544B72DEEA1150039E913 /* Inbox_Filing_URLItemView.swift */,
				E37E51AD2DEEB21B00EF860C /* Inbox_Filing_DownloadItemView.swift */,
			);
			path = "Filing Views";
			sourceTree = "<group>";
		};
		E37E51BD2DEF574400EF860C /* Case_Filing */ = {
			isa = PBXGroup;
			children = (
				E37E51B22DEF3E3900EF860C /* Case_Filing_Selector.swift */,
				E37E51B42DEF4A9600EF860C /* Case_Filing_DetailView.swift */,
			);
			path = Case_Filing;
			sourceTree = "<group>";
		};
		E37E51CC2DEF7EB700EF860C /* Views */ = {
			isa = PBXGroup;
			children = (
				E37E51C02DEF7AD700EF860C /* Contacts_List.swift */,
				E38A424A2DF1CB590059028D /* Contacts_List_Filter.swift */,
				E31D5CB82DF1F22000C3DFF0 /* Contact */,
				E38A42322DF103B90059028D /* Spreadsheet */,
				E31D5CBB2DF26F5A00C3DFF0 /* Files */,
			);
			path = Views;
			sourceTree = "<group>";
		};
		E37E51CD2DEF7EBE00EF860C /* Model */ = {
			isa = PBXGroup;
			children = (
				E37E51C32DEF7CCB00EF860C /* NLF_Contact.swift */,
				E38A421F2DF09A1C0059028D /* NLF_Contact_Info.swift */,
				E37E51C52DEF7CE100EF860C /* NLF_Contact_Label.swift */,
				E37E51C72DEF7CF700EF860C /* NLF_Contact_Drive_Label.swift */,
			);
			path = Model;
			sourceTree = "<group>";
		};
		E380F7F82DA04E5500540A3B /* Web_Preview */ = {
			isa = PBXGroup;
			children = (
				E380F7F72DA04E5500540A3B /* Google_Drive_Preview.swift */,
			);
			path = Web_Preview;
			sourceTree = "<group>";
		};
		E380F7FB2DA04E5500540A3B /* Model */ = {
			isa = PBXGroup;
			children = (
				E380F7F92DA04E5500540A3B /* GTLRDrive_File_Ext.swift */,
				E380F7FA2DA04E5500540A3B /* GTLRDrive_Drive_Ext.swift */,
			);
			path = Model;
			sourceTree = "<group>";
		};
		E380F7FE2DA04E5500540A3B /* Finders */ = {
			isa = PBXGroup;
			children = (
				E321D83B2DB96741006CC081 /* Drive_Navigator.swift */,
				E37E51DD2DEFD19300EF860C /* Drive_Selector.swift */,
				E321D84B2DBBD033006CC081 /* Drive_Navigator_Inspector.swift */,
				E3FB15152DEA0E1400DDCF58 /* Misc */,
			);
			path = Finders;
			sourceTree = "<group>";
		};
		E380F8042DA04E5500540A3B /* Drive */ = {
			isa = PBXGroup;
			children = (
				E380F7F62DA04E5500540A3B /* Google_Drive.swift */,
				E380F7F82DA04E5500540A3B /* Web_Preview */,
				E380F7FB2DA04E5500540A3B /* Model */,
				E380F7FE2DA04E5500540A3B /* Finders */,
				E321D8482DBA74AF006CC081 /* Permissions */,
			);
			path = Drive;
			sourceTree = "<group>";
		};
		E380F8072DA04E5500540A3B /* Drive_Labels */ = {
			isa = PBXGroup;
			children = (
				E380F8052DA04E5500540A3B /* Google_Labels.swift */,
				E380F8062DA04E5500540A3B /* Google_Label.swift */,
			);
			path = Drive_Labels;
			sourceTree = "<group>";
		};
		E380F80A2DA04E5500540A3B /* SignIn */ = {
			isa = PBXGroup;
			children = (
				E380F8082DA04E5500540A3B /* Google_SignIn.swift */,
				E380F8092DA04E5500540A3B /* Google_SignInView.swift */,
			);
			path = SignIn;
			sourceTree = "<group>";
		};
		E380F80E2DA04E5500540A3B /* Helpers */ = {
			isa = PBXGroup;
			children = (
				E37E51D72DEFB25F00EF860C /* Drive_SetDefaultID.swift */,
				E37E51D92DEFC6BB00EF860C /* Drive_FileSelect.swift */,
				E380F80B2DA04E5500540A3B /* Google_Error.swift */,
				E380F80C2DA04E5500540A3B /* Google_Fetcher.swift */,
				E380F80D2DA04E5500540A3B /* Google_Scopes.swift */,
			);
			path = Helpers;
			sourceTree = "<group>";
		};
		E380F80F2DA04E5500540A3B /* Google */ = {
			isa = PBXGroup;
			children = (
				E380F7F52DA04E5500540A3B /* Google.swift */,
				E3B910DA2DE6878600F86A15 /* GoogleDrive_IconDownload.swift */,
				E380F8042DA04E5500540A3B /* Drive */,
				E380F8072DA04E5500540A3B /* Drive_Labels */,
				E3F5A18D2DAFF4D8004100C3 /* Sheets */,
				E380F80A2DA04E5500540A3B /* SignIn */,
				E380F80E2DA04E5500540A3B /* Helpers */,
			);
			path = Google;
			sourceTree = "<group>";
		};
		E380F8222DA04E8900540A3B /* Frameworks */ = {
			isa = PBXGroup;
			children = (
			);
			name = Frameworks;
			sourceTree = "<group>";
		};
		E380F8272DA05AB900540A3B /* Inbox */ = {
			isa = PBXGroup;
			children = (
				E3FB152A2DEB5BA900DDCF58 /* Inbox_View.swift */,
				E37E51AF2DEEB28D00EF860C /* Filing Views */,
				E3F544B52DEE910E0039E913 /* Web_View.swift */,
				E380F8282DA05AC900540A3B /* Inbox_View_OLD.swift */,
				E380F82A2DA05B2500540A3B /* Settings_Inbox.swift */,
			);
			path = Inbox;
			sourceTree = "<group>";
		};
		E38A42322DF103B90059028D /* Spreadsheet */ = {
			isa = PBXGroup;
			children = (
				E38A42412DF1324E0059028D /* Contact Info */,
				E31D5CBA2DF1F75900C3DFF0 /* Actions */,
				E38A423A2DF111D10059028D /* Fields */,
			);
			path = Spreadsheet;
			sourceTree = "<group>";
		};
		E38A42392DF111C80059028D /* Fields */ = {
			isa = PBXGroup;
			children = (
				E37E51D22DEFA95800EF860C /* NLF_Contact_LabelView.swift */,
				E37E51D52DEFAE1500EF860C /* NLF_Contact_NameField.swift */,
				E37E51E12DF06E5500EF860C /* NLF_Contact_ImageField.swift */,
				E31D5CB62DF1F18700C3DFF0 /* NLF_Contact_ImageField-Cache.swift */,
			);
			path = Fields;
			sourceTree = "<group>";
		};
		E38A423A2DF111D10059028D /* Fields */ = {
			isa = PBXGroup;
			children = (
				E38A42332DF103C30059028D /* NLF_Contact_SheetRow_Category.swift */,
				E38A42352DF103E50059028D /* NLF_Contact_SheetRow_Label.swift */,
				E38A42372DF105370059028D /* NLF_Contact_SheetRow_Value.swift */,
			);
			path = Fields;
			sourceTree = "<group>";
		};
		E38A42412DF1324E0059028D /* Contact Info */ = {
			isa = PBXGroup;
			children = (
				E38A42442DF133260059028D /* NLF_Contact_Info_View.swift */,
				E38A42462DF1339A0059028D /* NLF_Contact_Info_Category.swift */,
				E38A42482DF133B70059028D /* NLF_Contact_Info_SheetRow.swift */,
			);
			path = "Contact Info";
			sourceTree = "<group>";
		};
		E3B910AD2DE0AF3B00F86A15 /* Forms */ = {
			isa = PBXGroup;
			children = (
				E3BD45D92DE735130094FFB1 /* NLF_FormController.swift */,
				E3B910C92DE5FA7800F86A15 /* NLF_Forms_List.swift */,
				E3BD45DD2DE7575C0094FFB1 /* Actions */,
				E3B910E72DE731BF00F86A15 /* Misc Views */,
				E3BD45D62DE732330094FFB1 /* Model */,
				E3B910B52DE0B45200F86A15 /* Settings */,
			);
			path = Forms;
			sourceTree = "<group>";
		};
		E3B910B52DE0B45200F86A15 /* Settings */ = {
			isa = PBXGroup;
			children = (
				E3B910B22DE0B3D500F86A15 /* Settings_Forms.swift */,
			);
			path = Settings;
			sourceTree = "<group>";
		};
		E3B910E72DE731BF00F86A15 /* Misc Views */ = {
			isa = PBXGroup;
			children = (
				E3BD45E02DE758EF0094FFB1 /* NLF_Form_Filter.swift */,
				E3B910DE2DE6990700F86A15 /* NLF_Form_Inspector.swift */,
				E3FB15112DE9DA8B00DDCF58 /* NLF_Form_ExampleList.swift */,
				E3BD45DB2DE7394C0094FFB1 /* NLF_Form_Fields.swift */,
			);
			path = "Misc Views";
			sourceTree = "<group>";
		};
		E3BD45D62DE732330094FFB1 /* Model */ = {
			isa = PBXGroup;
			children = (
				E3B910C72DE3734300F86A15 /* NLF_Form.swift */,
				E32730D62DE8F0BF00B6EDBD /* NLF_Form_Label.swift */,
				E32730D42DE8F04400B6EDBD /* NLF_Form_DriveLabel.swift */,
				E32730D22DE8F02800B6EDBD /* NLF_Form_Category.swift */,
			);
			path = Model;
			sourceTree = "<group>";
		};
		E3BD45DD2DE7575C0094FFB1 /* Actions */ = {
			isa = PBXGroup;
			children = (
				E3BD45E62DE780C20094FFB1 /* NLF_Form_DriveID.swift */,
				E3BD45D72DE733000094FFB1 /* NLF_Form_New.swift */,
				E3B910E32DE7319100F86A15 /* NLF_Form_Edit.swift */,
				E3B910E52DE731AB00F86A15 /* NLF_Form_Use.swift */,
				E3BD45DE2DE757880094FFB1 /* NLF_Form_Import.swift */,
				E3BD45E42DE77B4F0094FFB1 /* NLF_Form_Duplicate.swift */,
				E3BD45E22DE75E4A0094FFB1 /* NLF_Form_Sort.swift */,
				E3FB15132DE9EF4900DDCF58 /* NLF_Form_MultipleSelection.swift */,
			);
			path = Actions;
			sourceTree = "<group>";
		};
		E3F5A17E2DAFF26F004100C3 /* Case */ = {
			isa = PBXGroup;
			children = (
				E37E51BE2DEF575300EF860C /* Cases_Table.swift */,
				E321D83D2DB96758006CC081 /* Case_List.swift */,
				E3F5A18B2DAFF35A004100C3 /* Case_View.swift */,
				E3F5A1852DAFF276004100C3 /* Model */,
				E3F5A1842DAFF276004100C3 /* Sheets */,
			);
			path = Case;
			sourceTree = "<group>";
		};
		E3F5A1842DAFF276004100C3 /* Sheets */ = {
			isa = PBXGroup;
			children = (
				E3F5A1922DB015D1004100C3 /* Folders */,
				E3F5A1AC2DB0818E004100C3 /* Contact */,
				E3F5A1832DAFF276004100C3 /* Case_Tag.swift */,
			);
			path = Sheets;
			sourceTree = "<group>";
		};
		E3F5A1852DAFF276004100C3 /* Model */ = {
			isa = PBXGroup;
			children = (
				E3F5A17F2DAFF276004100C3 /* Case.swift */,
				E3F5A19B2DB03850004100C3 /* Case_Label.swift */,
				E3F5A1802DAFF276004100C3 /* Case_Sheets.swift */,
				E3F5A1902DB00762004100C3 /* Case_Error.swift */,
			);
			path = Model;
			sourceTree = "<group>";
		};
		E3F5A18D2DAFF4D8004100C3 /* Sheets */ = {
			isa = PBXGroup;
			children = (
				E3F5A18E2DAFF4F7004100C3 /* Google_Sheets.swift */,
			);
			path = Sheets;
			sourceTree = "<group>";
		};
		E3F5A1922DB015D1004100C3 /* Folders */ = {
			isa = PBXGroup;
			children = (
				E3F5A1812DAFF276004100C3 /* Case_Folder.swift */,
				E3F5A1972DB01E80004100C3 /* FolderSuggestions.swift */,
				E3F5A1952DB015FA004100C3 /* FolderMenu.swift */,
				E3F5A1932DB015DD004100C3 /* FolderNew.swift */,
				E3F5A1992DB02266004100C3 /* FolderEdit.swift */,
			);
			path = Folders;
			sourceTree = "<group>";
		};
		E3F5A1AC2DB0818E004100C3 /* Contact */ = {
			isa = PBXGroup;
			children = (
				E3F5A1822DAFF276004100C3 /* Case_Contact.swift */,
				E3F5A1AF2DB082DD004100C3 /* Views */,
			);
			path = Contact;
			sourceTree = "<group>";
		};
		E3F5A1AF2DB082DD004100C3 /* Views */ = {
			isa = PBXGroup;
			children = (
				E3F5A1B22DB08356004100C3 /* Case_Contacts_List.swift */,
				E3F5A1AD2DB0819D004100C3 /* Case_Contact_Row.swift */,
				E3F5A1B02DB082FB004100C3 /* Case_Contact_Details.swift */,
			);
			path = Views;
			sourceTree = "<group>";
		};
		E3FB15152DEA0E1400DDCF58 /* Misc */ = {
			isa = PBXGroup;
			children = (
				E3FB15162DEA0E1C00DDCF58 /* Drive_Rename.swift */,
			);
			path = Misc;
			sourceTree = "<group>";
		};
/* End PBXGroup section */

/* Begin PBXNativeTarget section */
		E369CA142DA0463D00FE91DB /* File Driver */ = {
			isa = PBXNativeTarget;
			buildConfigurationList = E369CA232DA0463E00FE91DB /* Build configuration list for PBXNativeTarget "File Driver" */;
			buildPhases = (
				E369CA112DA0463D00FE91DB /* Sources */,
				E369CA122DA0463D00FE91DB /* Frameworks */,
				E369CA132DA0463D00FE91DB /* Resources */,
			);
			buildRules = (
			);
			dependencies = (
			);
			name = "File Driver";
			packageProductDependencies = (
				E369CA392DA0478400FE91DB /* BOF_SecretSauce */,
				E369CA3C2DA047A000FE91DB /* GoogleSignIn */,
				E369CA3E2DA047A000FE91DB /* GoogleSignInSwift */,
				E369CA412DA047D800FE91DB /* GoogleAPIClientForREST_Drive */,
				E369CA432DA047D800FE91DB /* GoogleAPIClientForREST_Sheets */,
				E380F8232DA04E8900540A3B /* GoogleAPIClientForREST_DriveLabels */,
			);
			productName = "File Driver";
			productReference = E369CA152DA0463D00FE91DB /* File Driver.app */;
			productType = "com.apple.product-type.application";
		};
/* End PBXNativeTarget section */

/* Begin PBXProject section */
		E369CA0D2DA0463D00FE91DB /* Project object */ = {
			isa = PBXProject;
			attributes = {
				BuildIndependentTargetsInParallel = 1;
				LastSwiftUpdateCheck = 1630;
				LastUpgradeCheck = 1630;
				TargetAttributes = {
					E369CA142DA0463D00FE91DB = {
						CreatedOnToolsVersion = 16.3;
					};
				};
			};
			buildConfigurationList = E369CA102DA0463D00FE91DB /* Build configuration list for PBXProject "File Driver" */;
			developmentRegion = en;
			hasScannedForEncodings = 0;
			knownRegions = (
				en,
				Base,
			);
			mainGroup = E369CA0C2DA0463D00FE91DB;
			minimizedProjectReferenceProxies = 1;
			packageReferences = (
				E369CA382DA0478400FE91DB /* XCRemoteSwiftPackageReference "BOF_SecretSauce" */,
				E369CA3B2DA047A000FE91DB /* XCRemoteSwiftPackageReference "GoogleSignIn-iOS" */,
				E369CA402DA047D800FE91DB /* XCRemoteSwiftPackageReference "google-api-objectivec-client-for-rest" */,
			);
			preferredProjectObjectVersion = 77;
			productRefGroup = E369CA162DA0463D00FE91DB /* Products */;
			projectDirPath = "";
			projectRoot = "";
			targets = (
				E369CA142DA0463D00FE91DB /* File Driver */,
			);
		};
/* End PBXProject section */

/* Begin PBXResourcesBuildPhase section */
		E369CA132DA0463D00FE91DB /* Resources */ = {
			isa = PBXResourcesBuildPhase;
			buildActionMask = 2147483647;
			files = (
				E369CA7B2DA04A6900FE91DB /* Assets.xcassets in Resources */,
				E3B910DD2DE6931000F86A15 /* GoogleDriveIcons.xcassets in Resources */,
				E369CA372DA0467700FE91DB /* Fart.caf in Resources */,
			);
			runOnlyForDeploymentPostprocessing = 0;
		};
/* End PBXResourcesBuildPhase section */

/* Begin PBXSourcesBuildPhase section */
		E369CA112DA0463D00FE91DB /* Sources */ = {
			isa = PBXSourcesBuildPhase;
			buildActionMask = 2147483647;
			files = (
				E3FB152B2DEB5BA900DDCF58 /* Inbox_View.swift in Sources */,
				E32730D52DE8F04400B6EDBD /* NLF_Form_DriveLabel.swift in Sources */,
				E3F5A1912DB00762004100C3 /* Case_Error.swift in Sources */,
				E376F6062DDE1874007CBBD7 /* Settings_Contacts.swift in Sources */,
				E321D83E2DB96758006CC081 /* Case_List.swift in Sources */,
				E32730D72DE8F0BF00B6EDBD /* NLF_Form_Label.swift in Sources */,
				E3FB15142DE9EF4900DDCF58 /* NLF_Form_MultipleSelection.swift in Sources */,
				E369CA492DA048BE00FE91DB /* BOF_SwiftData.swift in Sources */,
				E369CA302DA0464300FE91DB /* File_DriverApp.swift in Sources */,
				E369CA4C2DA048C400FE91DB /* Settings.swift in Sources */,
				E37E51D12DEF97EC00EF860C /* Filter.swift in Sources */,
				E3F5A1942DB015DD004100C3 /* FolderNew.swift in Sources */,
				E3BD45E32DE75E4A0094FFB1 /* NLF_Form_Sort.swift in Sources */,
				E369CA562DA048CE00FE91DB /* Sidebar_Settings.swift in Sources */,
				E3F5A19C2DB03850004100C3 /* Case_Label.swift in Sources */,
				E3BD45DC2DE7394C0094FFB1 /* NLF_Form_Fields.swift in Sources */,
				E38A42492DF133B70059028D /* NLF_Contact_Info_SheetRow.swift in Sources */,
				E3F5A1AE2DB0819D004100C3 /* Case_Contact_Row.swift in Sources */,
				E37E51B52DEF4A9600EF860C /* Case_Filing_DetailView.swift in Sources */,
				E38A42382DF105370059028D /* NLF_Contact_SheetRow_Value.swift in Sources */,
				E38A424B2DF1CB590059028D /* Contacts_List_Filter.swift in Sources */,
				E37E51CF2DEF7ECE00EF860C /* NLF_Contact_New.swift in Sources */,
				E3BD45E52DE77B4F0094FFB1 /* NLF_Form_Duplicate.swift in Sources */,
				E380F8102DA04E5500540A3B /* Google_Error.swift in Sources */,
				E37E51DA2DEFC6BB00EF860C /* Drive_FileSelect.swift in Sources */,
				E380F8262DA0534A00540A3B /* BOF_NavModel.swift in Sources */,
				E38A42472DF1339A0059028D /* NLF_Contact_Info_Category.swift in Sources */,
				E380F8112DA04E5500540A3B /* GTLRDrive_File_Ext.swift in Sources */,
				E3FB15122DE9DA8B00DDCF58 /* NLF_Form_ExampleList.swift in Sources */,
				E38A42342DF103C30059028D /* NLF_Contact_SheetRow_Category.swift in Sources */,
				E380F8122DA04E5500540A3B /* Google_Drive_Preview.swift in Sources */,
				E380F8132DA04E5500540A3B /* Google_SignInView.swift in Sources */,
				E37E51C62DEF7CE100EF860C /* NLF_Contact_Label.swift in Sources */,
				E380F8142DA04E5500540A3B /* Google_Label.swift in Sources */,
				E380F8152DA04E5500540A3B /* Google_Scopes.swift in Sources */,
				E37E51AE2DEEB21B00EF860C /* Inbox_Filing_DownloadItemView.swift in Sources */,
				E37E51D62DEFAE1500EF860C /* NLF_Contact_NameField.swift in Sources */,
				E37E51C42DEF7CCB00EF860C /* NLF_Contact.swift in Sources */,
				E31D5CBD2DF26F6200C3DFF0 /* NLF_Contacts_FileView.swift in Sources */,
				E37E51CA2DEF7D9100EF860C /* NLF_ContactsController.swift in Sources */,
				E321D84C2DBBD033006CC081 /* Drive_Navigator_Inspector.swift in Sources */,
				E3B910C82DE3734300F86A15 /* NLF_Form.swift in Sources */,
				E37E51BF2DEF575300EF860C /* Cases_Table.swift in Sources */,
				E3F5A1862DAFF276004100C3 /* Case_Folder.swift in Sources */,
				E3F5A1872DAFF276004100C3 /* Case_Sheets.swift in Sources */,
				E37E51D32DEFA95800EF860C /* NLF_Contact_LabelView.swift in Sources */,
				E3F5A1882DAFF276004100C3 /* Case_Contact.swift in Sources */,
				E3F5A18C2DAFF35A004100C3 /* Case_View.swift in Sources */,
				E38A42452DF133260059028D /* NLF_Contact_Info_View.swift in Sources */,
				E37E51B12DEEC30200EF860C /* Filing_WebView.swift in Sources */,
				E32730D32DE8F02800B6EDBD /* NLF_Form_Category.swift in Sources */,
				E3F5A1892DAFF276004100C3 /* Case.swift in Sources */,
				E3F5A1B12DB082FB004100C3 /* Case_Contact_Details.swift in Sources */,
				E3F544B82DEEA1150039E913 /* Inbox_Filing_URLItemView.swift in Sources */,
				E3B910CA2DE5FA7800F86A15 /* NLF_Forms_List.swift in Sources */,
				E3BD45E72DE780C20094FFB1 /* NLF_Form_DriveID.swift in Sources */,
				E3F5A18A2DAFF276004100C3 /* Case_Tag.swift in Sources */,
				E3B910E42DE7319100F86A15 /* NLF_Form_Edit.swift in Sources */,
				E380F8292DA05AC900540A3B /* Inbox_View_OLD.swift in Sources */,
				E3B910B32DE0B3D500F86A15 /* Settings_Forms.swift in Sources */,
				E38A42402DF130ED0059028D /* NLF_Contact_View.swift in Sources */,
				E3F544B62DEE910E0039E913 /* Web_View.swift in Sources */,
				E3BD45DA2DE735130094FFB1 /* NLF_FormController.swift in Sources */,
				E3FB15172DEA0E1C00DDCF58 /* Drive_Rename.swift in Sources */,
				E31D5CBF2DF2760100C3DFF0 /* BOF_Finder.swift in Sources */,
				E3F5A19A2DB02266004100C3 /* FolderEdit.swift in Sources */,
				E37E51B32DEF3E3900EF860C /* Case_Filing_Selector.swift in Sources */,
				E3B910E62DE731AB00F86A15 /* NLF_Form_Use.swift in Sources */,
				E380F81B2DA04E5500540A3B /* Google.swift in Sources */,
				E3F5A18F2DAFF4F7004100C3 /* Google_Sheets.swift in Sources */,
				E3BD45DF2DE757880094FFB1 /* NLF_Form_Import.swift in Sources */,
				E380F81C2DA04E5500540A3B /* Google_Labels.swift in Sources */,
				E38A42432DF132610059028D /* NLF_Contact_View_Header.swift in Sources */,
				E3F5A1962DB015FA004100C3 /* FolderMenu.swift in Sources */,
				E38A42312DF0F5190059028D /* NLF_Contact_SheetRow_Add.swift in Sources */,
				E380F81D2DA04E5500540A3B /* Google_Drive.swift in Sources */,
				E380F81E2DA04E5500540A3B /* GTLRDrive_Drive_Ext.swift in Sources */,
				E380F81F2DA04E5500540A3B /* Google_Fetcher.swift in Sources */,
				E38A42202DF09A1C0059028D /* NLF_Contact_Info.swift in Sources */,
				E37E51C12DEF7AD700EF860C /* Contacts_List.swift in Sources */,
				E321D83A2DB9672A006CC081 /* Filing_View.swift in Sources */,
				E3F5A1982DB01E80004100C3 /* FolderSuggestions.swift in Sources */,
				E38A42362DF103E50059028D /* NLF_Contact_SheetRow_Label.swift in Sources */,
				E3B910DB2DE6878600F86A15 /* GoogleDrive_IconDownload.swift in Sources */,
				E380F8212DA04E5500540A3B /* Google_SignIn.swift in Sources */,
				E38A423C2DF113A10059028D /* NLF_Contact_SheetRow_Delete.swift in Sources */,
				E369CA572DA048CE00FE91DB /* Sidebar_ItemNew.swift in Sources */,
				E3F5A1B32DB08356004100C3 /* Case_Contacts_List.swift in Sources */,
				E369CA5D2DA048DB00FE91DB /* ContentView.swift in Sources */,
				E37E51C82DEF7CFD00EF860C /* NLF_Contact_Drive_Label.swift in Sources */,
				E38A423E2DF1220D0059028D /* NLF_Contact_SheetRow_Update.swift in Sources */,
				E369CA582DA048CE00FE91DB /* Sidebar_Row.swift in Sources */,
				E3B910DF2DE6990700F86A15 /* NLF_Form_Inspector.swift in Sources */,
				E37E51E22DF06E5500EF860C /* NLF_Contact_ImageField.swift in Sources */,
				E37E51D82DEFB25F00EF860C /* Drive_SetDefaultID.swift in Sources */,
				E369CA592DA048CE00FE91DB /* Sidebar_Item.swift in Sources */,
				E369CA5A2DA048CE00FE91DB /* Sidebar_ItemEdit.swift in Sources */,
				E321D83C2DB96741006CC081 /* Drive_Navigator.swift in Sources */,
				E3BD45D82DE733000094FFB1 /* NLF_Form_New.swift in Sources */,
				E369CA5B2DA048CE00FE91DB /* Sidebar.swift in Sources */,
				E32730D92DE9220100B6EDBD /* VStack_Loader.swift in Sources */,
				E3BD45E12DE758EF0094FFB1 /* NLF_Form_Filter.swift in Sources */,
				E31D5CB72DF1F18700C3DFF0 /* NLF_Contact_ImageField-Cache.swift in Sources */,
				E369CA4D2DA048C400FE91DB /* Settings_View.swift in Sources */,
				E321D84A2DBA74BA006CC081 /* Google_Drive_Permissions.swift in Sources */,
				E380F82B2DA05B2500540A3B /* Settings_Inbox.swift in Sources */,
				E37E51DE2DEFD19300EF860C /* Drive_Selector.swift in Sources */,
			);
			runOnlyForDeploymentPostprocessing = 0;
		};
/* End PBXSourcesBuildPhase section */

/* Begin XCBuildConfiguration section */
		E369CA242DA0463E00FE91DB /* Debug */ = {
			isa = XCBuildConfiguration;
			buildSettings = {
				ASSETCATALOG_COMPILER_APPICON_NAME = AppIcon;
				ASSETCATALOG_COMPILER_GLOBAL_ACCENT_COLOR_NAME = AccentColor;
				ASSETCATALOG_COMPILER_INCLUDE_ALL_APPICON_ASSETS = NO;
				CODE_SIGN_ENTITLEMENTS = "File Driver/File_Driver.entitlements";
				CODE_SIGN_STYLE = Automatic;
				CURRENT_PROJECT_VERSION = 1;
				DEVELOPMENT_TEAM = GUYJ73MNCU;
				ENABLE_HARDENED_RUNTIME = YES;
				ENABLE_PREVIEWS = YES;
				GENERATE_INFOPLIST_FILE = YES;
				INFOPLIST_FILE = "File Driver/Info.plist";
				INFOPLIST_KEY_CFBundleDisplayName = "File Driver 2.0";
				INFOPLIST_KEY_LSApplicationCategoryType = "public.app-category.business";
				"INFOPLIST_KEY_UIApplicationSceneManifest_Generation[sdk=iphoneos*]" = YES;
				"INFOPLIST_KEY_UIApplicationSceneManifest_Generation[sdk=iphonesimulator*]" = YES;
				"INFOPLIST_KEY_UIApplicationSupportsIndirectInputEvents[sdk=iphoneos*]" = YES;
				"INFOPLIST_KEY_UIApplicationSupportsIndirectInputEvents[sdk=iphonesimulator*]" = YES;
				"INFOPLIST_KEY_UILaunchScreen_Generation[sdk=iphoneos*]" = YES;
				"INFOPLIST_KEY_UILaunchScreen_Generation[sdk=iphonesimulator*]" = YES;
				"INFOPLIST_KEY_UIStatusBarStyle[sdk=iphoneos*]" = UIStatusBarStyleDefault;
				"INFOPLIST_KEY_UIStatusBarStyle[sdk=iphonesimulator*]" = UIStatusBarStyleDefault;
				INFOPLIST_KEY_UISupportedInterfaceOrientations_iPad = "UIInterfaceOrientationPortrait UIInterfaceOrientationPortraitUpsideDown UIInterfaceOrientationLandscapeLeft UIInterfaceOrientationLandscapeRight";
				INFOPLIST_KEY_UISupportedInterfaceOrientations_iPhone = "UIInterfaceOrientationPortrait UIInterfaceOrientationLandscapeLeft UIInterfaceOrientationLandscapeRight";
				IPHONEOS_DEPLOYMENT_TARGET = 18.4;
				LD_RUNPATH_SEARCH_PATHS = "@executable_path/Frameworks";
				"LD_RUNPATH_SEARCH_PATHS[sdk=macosx*]" = "@executable_path/../Frameworks";
				MACOSX_DEPLOYMENT_TARGET = 15.0;
				MARKETING_VERSION = 2.0;
				PRODUCT_BUNDLE_IDENTIFIER = "com.bucketoffiles.File-Driver";
				PRODUCT_NAME = "$(TARGET_NAME)";
				REGISTER_APP_GROUPS = YES;
				SDKROOT = auto;
				SUPPORTED_PLATFORMS = "iphoneos iphonesimulator macosx xros xrsimulator";
				SWIFT_EMIT_LOC_STRINGS = YES;
				SWIFT_VERSION = 5.0;
				TARGETED_DEVICE_FAMILY = "1,2,7";
				XROS_DEPLOYMENT_TARGET = 2.4;
			};
			name = Debug;
		};
		E369CA252DA0463E00FE91DB /* Release */ = {
			isa = XCBuildConfiguration;
			buildSettings = {
				ASSETCATALOG_COMPILER_APPICON_NAME = AppIcon;
				ASSETCATALOG_COMPILER_GLOBAL_ACCENT_COLOR_NAME = AccentColor;
				ASSETCATALOG_COMPILER_INCLUDE_ALL_APPICON_ASSETS = NO;
				CODE_SIGN_ENTITLEMENTS = "File Driver/File_Driver.entitlements";
				CODE_SIGN_STYLE = Automatic;
				CURRENT_PROJECT_VERSION = 1;
				DEVELOPMENT_TEAM = GUYJ73MNCU;
				ENABLE_HARDENED_RUNTIME = YES;
				ENABLE_PREVIEWS = YES;
				GENERATE_INFOPLIST_FILE = YES;
				INFOPLIST_FILE = "File Driver/Info.plist";
				INFOPLIST_KEY_CFBundleDisplayName = "File Driver 2.0";
				INFOPLIST_KEY_LSApplicationCategoryType = "public.app-category.business";
				"INFOPLIST_KEY_UIApplicationSceneManifest_Generation[sdk=iphoneos*]" = YES;
				"INFOPLIST_KEY_UIApplicationSceneManifest_Generation[sdk=iphonesimulator*]" = YES;
				"INFOPLIST_KEY_UIApplicationSupportsIndirectInputEvents[sdk=iphoneos*]" = YES;
				"INFOPLIST_KEY_UIApplicationSupportsIndirectInputEvents[sdk=iphonesimulator*]" = YES;
				"INFOPLIST_KEY_UILaunchScreen_Generation[sdk=iphoneos*]" = YES;
				"INFOPLIST_KEY_UILaunchScreen_Generation[sdk=iphonesimulator*]" = YES;
				"INFOPLIST_KEY_UIStatusBarStyle[sdk=iphoneos*]" = UIStatusBarStyleDefault;
				"INFOPLIST_KEY_UIStatusBarStyle[sdk=iphonesimulator*]" = UIStatusBarStyleDefault;
				INFOPLIST_KEY_UISupportedInterfaceOrientations_iPad = "UIInterfaceOrientationPortrait UIInterfaceOrientationPortraitUpsideDown UIInterfaceOrientationLandscapeLeft UIInterfaceOrientationLandscapeRight";
				INFOPLIST_KEY_UISupportedInterfaceOrientations_iPhone = "UIInterfaceOrientationPortrait UIInterfaceOrientationLandscapeLeft UIInterfaceOrientationLandscapeRight";
				IPHONEOS_DEPLOYMENT_TARGET = 18.4;
				LD_RUNPATH_SEARCH_PATHS = "@executable_path/Frameworks";
				"LD_RUNPATH_SEARCH_PATHS[sdk=macosx*]" = "@executable_path/../Frameworks";
				MACOSX_DEPLOYMENT_TARGET = 15.0;
				MARKETING_VERSION = 2.0;
				PRODUCT_BUNDLE_IDENTIFIER = "com.bucketoffiles.File-Driver";
				PRODUCT_NAME = "$(TARGET_NAME)";
				REGISTER_APP_GROUPS = YES;
				SDKROOT = auto;
				SUPPORTED_PLATFORMS = "iphoneos iphonesimulator macosx xros xrsimulator";
				SWIFT_EMIT_LOC_STRINGS = YES;
				SWIFT_VERSION = 5.0;
				TARGETED_DEVICE_FAMILY = "1,2,7";
				XROS_DEPLOYMENT_TARGET = 2.4;
			};
			name = Release;
		};
		E369CA262DA0463E00FE91DB /* Debug */ = {
			isa = XCBuildConfiguration;
			buildSettings = {
				ALWAYS_SEARCH_USER_PATHS = NO;
				ASSETCATALOG_COMPILER_GENERATE_SWIFT_ASSET_SYMBOL_EXTENSIONS = YES;
				CLANG_ANALYZER_NONNULL = YES;
				CLANG_ANALYZER_NUMBER_OBJECT_CONVERSION = YES_AGGRESSIVE;
				CLANG_CXX_LANGUAGE_STANDARD = "gnu++20";
				CLANG_ENABLE_MODULES = YES;
				CLANG_ENABLE_OBJC_ARC = YES;
				CLANG_ENABLE_OBJC_WEAK = YES;
				CLANG_WARN_BLOCK_CAPTURE_AUTORELEASING = YES;
				CLANG_WARN_BOOL_CONVERSION = YES;
				CLANG_WARN_COMMA = YES;
				CLANG_WARN_CONSTANT_CONVERSION = YES;
				CLANG_WARN_DEPRECATED_OBJC_IMPLEMENTATIONS = YES;
				CLANG_WARN_DIRECT_OBJC_ISA_USAGE = YES_ERROR;
				CLANG_WARN_DOCUMENTATION_COMMENTS = YES;
				CLANG_WARN_EMPTY_BODY = YES;
				CLANG_WARN_ENUM_CONVERSION = YES;
				CLANG_WARN_INFINITE_RECURSION = YES;
				CLANG_WARN_INT_CONVERSION = YES;
				CLANG_WARN_NON_LITERAL_NULL_CONVERSION = YES;
				CLANG_WARN_OBJC_IMPLICIT_RETAIN_SELF = YES;
				CLANG_WARN_OBJC_LITERAL_CONVERSION = YES;
				CLANG_WARN_OBJC_ROOT_CLASS = YES_ERROR;
				CLANG_WARN_QUOTED_INCLUDE_IN_FRAMEWORK_HEADER = YES;
				CLANG_WARN_RANGE_LOOP_ANALYSIS = YES;
				CLANG_WARN_STRICT_PROTOTYPES = YES;
				CLANG_WARN_SUSPICIOUS_MOVE = YES;
				CLANG_WARN_UNGUARDED_AVAILABILITY = YES_AGGRESSIVE;
				CLANG_WARN_UNREACHABLE_CODE = YES;
				CLANG_WARN__DUPLICATE_METHOD_MATCH = YES;
				COPY_PHASE_STRIP = NO;
				DEBUG_INFORMATION_FORMAT = dwarf;
				DEVELOPMENT_TEAM = GUYJ73MNCU;
				ENABLE_STRICT_OBJC_MSGSEND = YES;
				ENABLE_TESTABILITY = YES;
				ENABLE_USER_SCRIPT_SANDBOXING = YES;
				GCC_C_LANGUAGE_STANDARD = gnu17;
				GCC_DYNAMIC_NO_PIC = NO;
				GCC_NO_COMMON_BLOCKS = YES;
				GCC_OPTIMIZATION_LEVEL = 0;
				GCC_PREPROCESSOR_DEFINITIONS = (
					"DEBUG=1",
					"$(inherited)",
				);
				GCC_WARN_64_TO_32_BIT_CONVERSION = YES;
				GCC_WARN_ABOUT_RETURN_TYPE = YES_ERROR;
				GCC_WARN_UNDECLARED_SELECTOR = YES;
				GCC_WARN_UNINITIALIZED_AUTOS = YES_AGGRESSIVE;
				GCC_WARN_UNUSED_FUNCTION = YES;
				GCC_WARN_UNUSED_VARIABLE = YES;
				LOCALIZATION_PREFERS_STRING_CATALOGS = YES;
				MTL_ENABLE_DEBUG_INFO = INCLUDE_SOURCE;
				MTL_FAST_MATH = YES;
				ONLY_ACTIVE_ARCH = YES;
				SWIFT_ACTIVE_COMPILATION_CONDITIONS = "DEBUG $(inherited)";
				SWIFT_OPTIMIZATION_LEVEL = "-Onone";
			};
			name = Debug;
		};
		E369CA272DA0463E00FE91DB /* Release */ = {
			isa = XCBuildConfiguration;
			buildSettings = {
				ALWAYS_SEARCH_USER_PATHS = NO;
				ASSETCATALOG_COMPILER_GENERATE_SWIFT_ASSET_SYMBOL_EXTENSIONS = YES;
				CLANG_ANALYZER_NONNULL = YES;
				CLANG_ANALYZER_NUMBER_OBJECT_CONVERSION = YES_AGGRESSIVE;
				CLANG_CXX_LANGUAGE_STANDARD = "gnu++20";
				CLANG_ENABLE_MODULES = YES;
				CLANG_ENABLE_OBJC_ARC = YES;
				CLANG_ENABLE_OBJC_WEAK = YES;
				CLANG_WARN_BLOCK_CAPTURE_AUTORELEASING = YES;
				CLANG_WARN_BOOL_CONVERSION = YES;
				CLANG_WARN_COMMA = YES;
				CLANG_WARN_CONSTANT_CONVERSION = YES;
				CLANG_WARN_DEPRECATED_OBJC_IMPLEMENTATIONS = YES;
				CLANG_WARN_DIRECT_OBJC_ISA_USAGE = YES_ERROR;
				CLANG_WARN_DOCUMENTATION_COMMENTS = YES;
				CLANG_WARN_EMPTY_BODY = YES;
				CLANG_WARN_ENUM_CONVERSION = YES;
				CLANG_WARN_INFINITE_RECURSION = YES;
				CLANG_WARN_INT_CONVERSION = YES;
				CLANG_WARN_NON_LITERAL_NULL_CONVERSION = YES;
				CLANG_WARN_OBJC_IMPLICIT_RETAIN_SELF = YES;
				CLANG_WARN_OBJC_LITERAL_CONVERSION = YES;
				CLANG_WARN_OBJC_ROOT_CLASS = YES_ERROR;
				CLANG_WARN_QUOTED_INCLUDE_IN_FRAMEWORK_HEADER = YES;
				CLANG_WARN_RANGE_LOOP_ANALYSIS = YES;
				CLANG_WARN_STRICT_PROTOTYPES = YES;
				CLANG_WARN_SUSPICIOUS_MOVE = YES;
				CLANG_WARN_UNGUARDED_AVAILABILITY = YES_AGGRESSIVE;
				CLANG_WARN_UNREACHABLE_CODE = YES;
				CLANG_WARN__DUPLICATE_METHOD_MATCH = YES;
				COPY_PHASE_STRIP = NO;
				DEBUG_INFORMATION_FORMAT = "dwarf-with-dsym";
				DEVELOPMENT_TEAM = GUYJ73MNCU;
				ENABLE_NS_ASSERTIONS = NO;
				ENABLE_STRICT_OBJC_MSGSEND = YES;
				ENABLE_USER_SCRIPT_SANDBOXING = YES;
				GCC_C_LANGUAGE_STANDARD = gnu17;
				GCC_NO_COMMON_BLOCKS = YES;
				GCC_WARN_64_TO_32_BIT_CONVERSION = YES;
				GCC_WARN_ABOUT_RETURN_TYPE = YES_ERROR;
				GCC_WARN_UNDECLARED_SELECTOR = YES;
				GCC_WARN_UNINITIALIZED_AUTOS = YES_AGGRESSIVE;
				GCC_WARN_UNUSED_FUNCTION = YES;
				GCC_WARN_UNUSED_VARIABLE = YES;
				LOCALIZATION_PREFERS_STRING_CATALOGS = YES;
				MTL_ENABLE_DEBUG_INFO = NO;
				MTL_FAST_MATH = YES;
				SWIFT_COMPILATION_MODE = wholemodule;
			};
			name = Release;
		};
/* End XCBuildConfiguration section */

/* Begin XCConfigurationList section */
		E369CA102DA0463D00FE91DB /* Build configuration list for PBXProject "File Driver" */ = {
			isa = XCConfigurationList;
			buildConfigurations = (
				E369CA262DA0463E00FE91DB /* Debug */,
				E369CA272DA0463E00FE91DB /* Release */,
			);
			defaultConfigurationIsVisible = 0;
			defaultConfigurationName = Release;
		};
		E369CA232DA0463E00FE91DB /* Build configuration list for PBXNativeTarget "File Driver" */ = {
			isa = XCConfigurationList;
			buildConfigurations = (
				E369CA242DA0463E00FE91DB /* Debug */,
				E369CA252DA0463E00FE91DB /* Release */,
			);
			defaultConfigurationIsVisible = 0;
			defaultConfigurationName = Release;
		};
/* End XCConfigurationList section */

/* Begin XCRemoteSwiftPackageReference section */
		E369CA382DA0478400FE91DB /* XCRemoteSwiftPackageReference "BOF_SecretSauce" */ = {
			isa = XCRemoteSwiftPackageReference;
			repositoryURL = "https://github.com/nace33/BOF_SecretSauce";
			requirement = {
				branch = main;
				kind = branch;
			};
		};
		E369CA3B2DA047A000FE91DB /* XCRemoteSwiftPackageReference "GoogleSignIn-iOS" */ = {
			isa = XCRemoteSwiftPackageReference;
			repositoryURL = "https://github.com/google/GoogleSignIn-iOS";
			requirement = {
				kind = upToNextMajorVersion;
				minimumVersion = 8.0.0;
			};
		};
		E369CA402DA047D800FE91DB /* XCRemoteSwiftPackageReference "google-api-objectivec-client-for-rest" */ = {
			isa = XCRemoteSwiftPackageReference;
			repositoryURL = "https://github.com/google/google-api-objectivec-client-for-rest";
			requirement = {
				branch = main;
				kind = branch;
			};
		};
/* End XCRemoteSwiftPackageReference section */

/* Begin XCSwiftPackageProductDependency section */
		E369CA392DA0478400FE91DB /* BOF_SecretSauce */ = {
			isa = XCSwiftPackageProductDependency;
			package = E369CA382DA0478400FE91DB /* XCRemoteSwiftPackageReference "BOF_SecretSauce" */;
			productName = BOF_SecretSauce;
		};
		E369CA3C2DA047A000FE91DB /* GoogleSignIn */ = {
			isa = XCSwiftPackageProductDependency;
			package = E369CA3B2DA047A000FE91DB /* XCRemoteSwiftPackageReference "GoogleSignIn-iOS" */;
			productName = GoogleSignIn;
		};
		E369CA3E2DA047A000FE91DB /* GoogleSignInSwift */ = {
			isa = XCSwiftPackageProductDependency;
			package = E369CA3B2DA047A000FE91DB /* XCRemoteSwiftPackageReference "GoogleSignIn-iOS" */;
			productName = GoogleSignInSwift;
		};
		E369CA412DA047D800FE91DB /* GoogleAPIClientForREST_Drive */ = {
			isa = XCSwiftPackageProductDependency;
			package = E369CA402DA047D800FE91DB /* XCRemoteSwiftPackageReference "google-api-objectivec-client-for-rest" */;
			productName = GoogleAPIClientForREST_Drive;
		};
		E369CA432DA047D800FE91DB /* GoogleAPIClientForREST_Sheets */ = {
			isa = XCSwiftPackageProductDependency;
			package = E369CA402DA047D800FE91DB /* XCRemoteSwiftPackageReference "google-api-objectivec-client-for-rest" */;
			productName = GoogleAPIClientForREST_Sheets;
		};
		E380F8232DA04E8900540A3B /* GoogleAPIClientForREST_DriveLabels */ = {
			isa = XCSwiftPackageProductDependency;
			package = E369CA402DA047D800FE91DB /* XCRemoteSwiftPackageReference "google-api-objectivec-client-for-rest" */;
			productName = GoogleAPIClientForREST_DriveLabels;
		};
/* End XCSwiftPackageProductDependency section */
	};
	rootObject = E369CA0D2DA0463D00FE91DB /* Project object */;
}
